// !$*UTF8*$!
{
	archiveVersion = 1;
	classes = {
	};
	objectVersion = 50;
	objects = {

/* Begin PBXBuildFile section */
		14141E5C2375F4F7009897CF /* Enemy.swift in Sources */ = {isa = PBXBuildFile; fileRef = 14141E5B2375F4F7009897CF /* Enemy.swift */; };
		14141E5E2375F725009897CF /* EnemyData.swift in Sources */ = {isa = PBXBuildFile; fileRef = 14141E5D2375F725009897CF /* EnemyData.swift */; };
		14141E602375F833009897CF /* Attack.swift in Sources */ = {isa = PBXBuildFile; fileRef = 14141E5F2375F833009897CF /* Attack.swift */; };
		14141E632375FA2F009897CF /* Actor.swift in Sources */ = {isa = PBXBuildFile; fileRef = 14141E622375FA2F009897CF /* Actor.swift */; };
		14141E652375FCB4009897CF /* Treasure.swift in Sources */ = {isa = PBXBuildFile; fileRef = 14141E642375FCB4009897CF /* Treasure.swift */; };
		1438E8D3239D883500238BC6 /* Weapon.swift in Sources */ = {isa = PBXBuildFile; fileRef = 1438E8D2239D883500238BC6 /* Weapon.swift */; };
		1438E8D5239D8AF200238BC6 /* BattleScene.swift in Sources */ = {isa = PBXBuildFile; fileRef = 1438E8D4239D8AF200238BC6 /* BattleScene.swift */; };
		1438E8D7239D93D800238BC6 /* BattleView.storyboard in Resources */ = {isa = PBXBuildFile; fileRef = 1438E8D6239D93D800238BC6 /* BattleView.storyboard */; };
		1438E8DB239DA8FF00238BC6 /* dungeonfloor.jpg in Resources */ = {isa = PBXBuildFile; fileRef = 1438E8DA239DA8FF00238BC6 /* dungeonfloor.jpg */; };
		1438E8DD239DAA5B00238BC6 /* pngStone.png in Resources */ = {isa = PBXBuildFile; fileRef = 1438E8DC239DAA5B00238BC6 /* pngStone.png */; };
		143C5601239C9B56005BE4D4 /* AttackSteal.swift in Sources */ = {isa = PBXBuildFile; fileRef = 143C5600239C9B56005BE4D4 /* AttackSteal.swift */; };
		1443F06B239C359D008CB82A /* GameKit.framework in Frameworks */ = {isa = PBXBuildFile; fileRef = 1443F06A239C359D008CB82A /* GameKit.framework */; };
		1443F06D239C35FC008CB82A /* BattleScreenViewController.swift in Sources */ = {isa = PBXBuildFile; fileRef = 1443F06C239C35FC008CB82A /* BattleScreenViewController.swift */; };
		1443F072239C36C2008CB82A /* BattleScene.sks in Resources */ = {isa = PBXBuildFile; fileRef = 1443F071239C36C2008CB82A /* BattleScene.sks */; };
		14762BF6239C6B1400A1254F /* 8Front.png in Resources */ = {isa = PBXBuildFile; fileRef = 14762BE6239C6B1300A1254F /* 8Front.png */; };
		14762BF7239C6B1400A1254F /* 5Front.png in Resources */ = {isa = PBXBuildFile; fileRef = 14762BE7239C6B1300A1254F /* 5Front.png */; };
		14762BF8239C6B1400A1254F /* 5Back.png in Resources */ = {isa = PBXBuildFile; fileRef = 14762BE8239C6B1300A1254F /* 5Back.png */; };
		14762BF9239C6B1400A1254F /* 6Front.png in Resources */ = {isa = PBXBuildFile; fileRef = 14762BE9239C6B1300A1254F /* 6Front.png */; };
		14762BFA239C6B1400A1254F /* 7Front.png in Resources */ = {isa = PBXBuildFile; fileRef = 14762BEA239C6B1300A1254F /* 7Front.png */; };
		14762BFB239C6B1400A1254F /* 4Back.png in Resources */ = {isa = PBXBuildFile; fileRef = 14762BEB239C6B1300A1254F /* 4Back.png */; };
		14762BFC239C6B1400A1254F /* 2Front.png in Resources */ = {isa = PBXBuildFile; fileRef = 14762BEC239C6B1300A1254F /* 2Front.png */; };
		14762BFD239C6B1400A1254F /* 4Front.png in Resources */ = {isa = PBXBuildFile; fileRef = 14762BED239C6B1400A1254F /* 4Front.png */; };
		14762BFE239C6B1400A1254F /* 3Back.png in Resources */ = {isa = PBXBuildFile; fileRef = 14762BEE239C6B1400A1254F /* 3Back.png */; };
		14762BFF239C6B1400A1254F /* 3Front.png in Resources */ = {isa = PBXBuildFile; fileRef = 14762BEF239C6B1400A1254F /* 3Front.png */; };
		14762C00239C6B1400A1254F /* 8Back.png in Resources */ = {isa = PBXBuildFile; fileRef = 14762BF0239C6B1400A1254F /* 8Back.png */; };
		14762C01239C6B1400A1254F /* 1Front.png in Resources */ = {isa = PBXBuildFile; fileRef = 14762BF1239C6B1400A1254F /* 1Front.png */; };
		14762C02239C6B1400A1254F /* 2Back.png in Resources */ = {isa = PBXBuildFile; fileRef = 14762BF2239C6B1400A1254F /* 2Back.png */; };
		14762C03239C6B1400A1254F /* 7Back.png in Resources */ = {isa = PBXBuildFile; fileRef = 14762BF3239C6B1400A1254F /* 7Back.png */; };
		14762C04239C6B1400A1254F /* 6Back.png in Resources */ = {isa = PBXBuildFile; fileRef = 14762BF4239C6B1400A1254F /* 6Back.png */; };
		14762C05239C6B1400A1254F /* 1Back.png in Resources */ = {isa = PBXBuildFile; fileRef = 14762BF5239C6B1400A1254F /* 1Back.png */; };
		14762C0E239C6B3800A1254F /* Ninja.png in Resources */ = {isa = PBXBuildFile; fileRef = 14762C06239C6B3800A1254F /* Ninja.png */; };
		14762C0F239C6B3800A1254F /* Samurai.png in Resources */ = {isa = PBXBuildFile; fileRef = 14762C07239C6B3800A1254F /* Samurai.png */; };
		14762C10239C6B3800A1254F /* Skele.png in Resources */ = {isa = PBXBuildFile; fileRef = 14762C08239C6B3800A1254F /* Skele.png */; };
		14762C11239C6B3800A1254F /* Clown.png in Resources */ = {isa = PBXBuildFile; fileRef = 14762C09239C6B3800A1254F /* Clown.png */; };
		14762C12239C6B3800A1254F /* BeakThing.png in Resources */ = {isa = PBXBuildFile; fileRef = 14762C0A239C6B3800A1254F /* BeakThing.png */; };
		14762C13239C6B3800A1254F /* Furry.png in Resources */ = {isa = PBXBuildFile; fileRef = 14762C0B239C6B3800A1254F /* Furry.png */; };
		14762C14239C6B3800A1254F /* Vamp.png in Resources */ = {isa = PBXBuildFile; fileRef = 14762C0C239C6B3800A1254F /* Vamp.png */; };
		14762C15239C6B3800A1254F /* Ghost.png in Resources */ = {isa = PBXBuildFile; fileRef = 14762C0D239C6B3800A1254F /* Ghost.png */; };
		14A88453239C74AF00169433 /* Battlefield.swift in Sources */ = {isa = PBXBuildFile; fileRef = 14A88452239C74AF00169433 /* Battlefield.swift */; };
		14A88455239C772600169433 /* Hero.swift in Sources */ = {isa = PBXBuildFile; fileRef = 14A88454239C772600169433 /* Hero.swift */; };
		14A88457239C80E000169433 /* DataStore.swift in Sources */ = {isa = PBXBuildFile; fileRef = 14A88456239C80E000169433 /* DataStore.swift */; };
		14A88459239C86EA00169433 /* AttackLowest.swift in Sources */ = {isa = PBXBuildFile; fileRef = 14A88458239C86EA00169433 /* AttackLowest.swift */; };
		14A8845D239C8E1400169433 /* HealAlly.swift in Sources */ = {isa = PBXBuildFile; fileRef = 14A8845C239C8E1400169433 /* HealAlly.swift */; };
		14A8845F239C91FA00169433 /* AttackAll.swift in Sources */ = {isa = PBXBuildFile; fileRef = 14A8845E239C91FA00169433 /* AttackAll.swift */; };
		4108EF92239D95F200C299FE /* InventoryViewController.swift in Sources */ = {isa = PBXBuildFile; fileRef = 4108EF91239D95F200C299FE /* InventoryViewController.swift */; };
		4108EF94239D970D00C299FE /* backpack.png in Resources */ = {isa = PBXBuildFile; fileRef = 4108EF93239D970D00C299FE /* backpack.png */; };
		4108EF96239DB30200C299FE /* Sword.swift in Sources */ = {isa = PBXBuildFile; fileRef = 4108EF95239DB30200C299FE /* Sword.swift */; };
		4108EF98239DC94B00C299FE /* InventoryCell.swift in Sources */ = {isa = PBXBuildFile; fileRef = 4108EF97239DC94B00C299FE /* InventoryCell.swift */; };
		412DD87D2375DDF5008A1736 /* ShopViewController.swift in Sources */ = {isa = PBXBuildFile; fileRef = 412DD87C2375DDF5008A1736 /* ShopViewController.swift */; };
		412DD87F2375E5A7008A1736 /* Item.swift in Sources */ = {isa = PBXBuildFile; fileRef = 412DD87E2375E5A7008A1736 /* Item.swift */; };
		412DD8832375E5E6008A1736 /* Armor.swift in Sources */ = {isa = PBXBuildFile; fileRef = 412DD8822375E5E6008A1736 /* Armor.swift */; };
		412DD8872375E711008A1736 /* Consumables.swift in Sources */ = {isa = PBXBuildFile; fileRef = 412DD8862375E711008A1736 /* Consumables.swift */; };
		4144FCE5239C9DD5003339C1 /* UserInfo.swift in Sources */ = {isa = PBXBuildFile; fileRef = 4144FCE4239C9DD5003339C1 /* UserInfo.swift */; };
		4144FCEB239CB91D003339C1 /* Excalibur.swift in Sources */ = {isa = PBXBuildFile; fileRef = 4144FCEA239CB91D003339C1 /* Excalibur.swift */; };
		4144FCED239D75B2003339C1 /* Dou.swift in Sources */ = {isa = PBXBuildFile; fileRef = 4144FCEC239D75B2003339C1 /* Dou.swift */; };
		4144FCEF239D7840003339C1 /* Durandal.swift in Sources */ = {isa = PBXBuildFile; fileRef = 4144FCEE239D7840003339C1 /* Durandal.swift */; };
		4144FCF1239D7861003339C1 /* Karuta.swift in Sources */ = {isa = PBXBuildFile; fileRef = 4144FCF0239D7861003339C1 /* Karuta.swift */; };
		4144FCF3239D82FC003339C1 /* Health.swift in Sources */ = {isa = PBXBuildFile; fileRef = 4144FCF2239D82FC003339C1 /* Health.swift */; };
		4144FCF5239D847C003339C1 /* Kusanagi.swift in Sources */ = {isa = PBXBuildFile; fileRef = 4144FCF4239D847C003339C1 /* Kusanagi.swift */; };
		4144FCF7239D848B003339C1 /* Asi.swift in Sources */ = {isa = PBXBuildFile; fileRef = 4144FCF6239D848B003339C1 /* Asi.swift */; };
		4144FCF9239D84A5003339C1 /* Chrysaor.swift in Sources */ = {isa = PBXBuildFile; fileRef = 4144FCF8239D84A5003339C1 /* Chrysaor.swift */; };
		4144FCFB239D84B6003339C1 /* Harpe.swift in Sources */ = {isa = PBXBuildFile; fileRef = 4144FCFA239D84B6003339C1 /* Harpe.swift */; };
		4144FCFD239D84C7003339C1 /* Secace.swift in Sources */ = {isa = PBXBuildFile; fileRef = 4144FCFC239D84C7003339C1 /* Secace.swift */; };
		4144FCFF239D8500003339C1 /* Usumidori.swift in Sources */ = {isa = PBXBuildFile; fileRef = 4144FCFE239D8500003339C1 /* Usumidori.swift */; };
		4144FD01239D850D003339C1 /* Zulfiqar.swift in Sources */ = {isa = PBXBuildFile; fileRef = 4144FD00239D850D003339C1 /* Zulfiqar.swift */; };
		4144FD03239D851D003339C1 /* Caliburn.swift in Sources */ = {isa = PBXBuildFile; fileRef = 4144FD02239D851D003339C1 /* Caliburn.swift */; };
		4144FD05239D861E003339C1 /* Muramasa.swift in Sources */ = {isa = PBXBuildFile; fileRef = 4144FD04239D861E003339C1 /* Muramasa.swift */; };
		7117BB96239C88EC005BEC6B /* redcross.png in Resources */ = {isa = PBXBuildFile; fileRef = 7117BB92239C88EC005BEC6B /* redcross.png */; };
		7117BB97239C88EC005BEC6B /* vendor.png in Resources */ = {isa = PBXBuildFile; fileRef = 7117BB93239C88EC005BEC6B /* vendor.png */; };
		7117BB98239C88EC005BEC6B /* tavern.png in Resources */ = {isa = PBXBuildFile; fileRef = 7117BB94239C88EC005BEC6B /* tavern.png */; };
		7117BB99239C88EC005BEC6B /* battle.png in Resources */ = {isa = PBXBuildFile; fileRef = 7117BB95239C88EC005BEC6B /* battle.png */; };
		7117BBA9239DE3C2005BEC6B /* WatchConnectivity.framework in Frameworks */ = {isa = PBXBuildFile; fileRef = 7117BBA8239DE3C2005BEC6B /* WatchConnectivity.framework */; };
		7117BBAA239DE3F7005BEC6B /* PartyViewController.swift in Sources */ = {isa = PBXBuildFile; fileRef = 7117BBA6239DE2C7005BEC6B /* PartyViewController.swift */; };
		7117BBAE239DEB37005BEC6B /* ProgramObject.swift in Sources */ = {isa = PBXBuildFile; fileRef = 7117BBAD239DEB37005BEC6B /* ProgramObject.swift */; };
		7117BBAF239DF3B6005BEC6B /* ProgramObject.swift in Sources */ = {isa = PBXBuildFile; fileRef = 7117BBAD239DEB37005BEC6B /* ProgramObject.swift */; };
		7198FDEB2375CFBA007F7A3C /* AppDelegate.swift in Sources */ = {isa = PBXBuildFile; fileRef = 7198FDEA2375CFBA007F7A3C /* AppDelegate.swift */; };
		7198FDED2375CFBA007F7A3C /* SceneDelegate.swift in Sources */ = {isa = PBXBuildFile; fileRef = 7198FDEC2375CFBA007F7A3C /* SceneDelegate.swift */; };
		7198FDEF2375CFBA007F7A3C /* ViewController.swift in Sources */ = {isa = PBXBuildFile; fileRef = 7198FDEE2375CFBA007F7A3C /* ViewController.swift */; };
		7198FDF22375CFBA007F7A3C /* Main.storyboard in Resources */ = {isa = PBXBuildFile; fileRef = 7198FDF02375CFBA007F7A3C /* Main.storyboard */; };
		7198FDF42375CFBB007F7A3C /* Assets.xcassets in Resources */ = {isa = PBXBuildFile; fileRef = 7198FDF32375CFBB007F7A3C /* Assets.xcassets */; };
		7198FDF72375CFBB007F7A3C /* LaunchScreen.storyboard in Resources */ = {isa = PBXBuildFile; fileRef = 7198FDF52375CFBB007F7A3C /* LaunchScreen.storyboard */; };
		7198FE022375CFBB007F7A3C /* FinalProdTests.swift in Sources */ = {isa = PBXBuildFile; fileRef = 7198FE012375CFBB007F7A3C /* FinalProdTests.swift */; };
		7198FE0D2375CFBB007F7A3C /* FinalProdUITests.swift in Sources */ = {isa = PBXBuildFile; fileRef = 7198FE0C2375CFBB007F7A3C /* FinalProdUITests.swift */; };
		7198FE122375CFBB007F7A3C /* FinalProd WatchKit App.app in Embed Watch Content */ = {isa = PBXBuildFile; fileRef = 7198FE112375CFBB007F7A3C /* FinalProd WatchKit App.app */; settings = {ATTRIBUTES = (RemoveHeadersOnCopy, ); }; };
		7198FE182375CFBB007F7A3C /* Interface.storyboard in Resources */ = {isa = PBXBuildFile; fileRef = 7198FE162375CFBB007F7A3C /* Interface.storyboard */; };
		7198FE1A2375CFBC007F7A3C /* Assets.xcassets in Resources */ = {isa = PBXBuildFile; fileRef = 7198FE192375CFBC007F7A3C /* Assets.xcassets */; };
		7198FE212375CFBC007F7A3C /* FinalProd WatchKit Extension.appex in Embed App Extensions */ = {isa = PBXBuildFile; fileRef = 7198FE202375CFBC007F7A3C /* FinalProd WatchKit Extension.appex */; settings = {ATTRIBUTES = (RemoveHeadersOnCopy, ); }; };
		7198FE262375CFBC007F7A3C /* InterfaceController.swift in Sources */ = {isa = PBXBuildFile; fileRef = 7198FE252375CFBC007F7A3C /* InterfaceController.swift */; };
		7198FE282375CFBC007F7A3C /* ExtensionDelegate.swift in Sources */ = {isa = PBXBuildFile; fileRef = 7198FE272375CFBC007F7A3C /* ExtensionDelegate.swift */; };
		7198FE2A2375CFBC007F7A3C /* NotificationController.swift in Sources */ = {isa = PBXBuildFile; fileRef = 7198FE292375CFBC007F7A3C /* NotificationController.swift */; };
		7198FE2C2375CFBC007F7A3C /* ComplicationController.swift in Sources */ = {isa = PBXBuildFile; fileRef = 7198FE2B2375CFBC007F7A3C /* ComplicationController.swift */; };
		7198FE2E2375CFBD007F7A3C /* Assets.xcassets in Resources */ = {isa = PBXBuildFile; fileRef = 7198FE2D2375CFBD007F7A3C /* Assets.xcassets */; };
		7198FE562375DCF5007F7A3C /* MapIcon.swift in Sources */ = {isa = PBXBuildFile; fileRef = 7198FE552375DCF5007F7A3C /* MapIcon.swift */; };
		7198FE592375DF73007F7A3C /* uisquare.png in Resources */ = {isa = PBXBuildFile; fileRef = 7198FE582375DF73007F7A3C /* uisquare.png */; };
		7198FE5C2375E1E8007F7A3C /* CoreLocation.framework in Frameworks */ = {isa = PBXBuildFile; fileRef = 7198FE5B2375E1E8007F7A3C /* CoreLocation.framework */; };
		7198FE5E2375E2DB007F7A3C /* MapKit.framework in Frameworks */ = {isa = PBXBuildFile; fileRef = 7198FE5D2375E2DB007F7A3C /* MapKit.framework */; };
		75165B49239D89320039B966 /* Loading.png in Resources */ = {isa = PBXBuildFile; fileRef = 75165B48239D89320039B966 /* Loading.png */; };
		75165B4B239D89B10039B966 /* Bolster.swift in Sources */ = {isa = PBXBuildFile; fileRef = 75165B4A239D89B10039B966 /* Bolster.swift */; };
		75165B4E239DE5340039B966 /* WinLoss.storyboard in Resources */ = {isa = PBXBuildFile; fileRef = 75165B4D239DE5340039B966 /* WinLoss.storyboard */; };
		75165B50239DE5790039B966 /* WinViewController.swift in Sources */ = {isa = PBXBuildFile; fileRef = 75165B4F239DE5790039B966 /* WinViewController.swift */; };
		75165B52239DE5870039B966 /* LossViewController.swift in Sources */ = {isa = PBXBuildFile; fileRef = 75165B51239DE5870039B966 /* LossViewController.swift */; };
		75165B54239DE63A0039B966 /* victory.png in Resources */ = {isa = PBXBuildFile; fileRef = 75165B53239DE63A0039B966 /* victory.png */; };
		75165B56239DE6430039B966 /* defeat.png in Resources */ = {isa = PBXBuildFile; fileRef = 75165B55239DE6430039B966 /* defeat.png */; };
		75165B58239DE6C80039B966 /* win.png in Resources */ = {isa = PBXBuildFile; fileRef = 75165B57239DE6C80039B966 /* win.png */; };
		75165B5A239DE6EE0039B966 /* loss.png in Resources */ = {isa = PBXBuildFile; fileRef = 75165B59239DE6EE0039B966 /* loss.png */; };
		75165B5C239DE7100039B966 /* loser.png in Resources */ = {isa = PBXBuildFile; fileRef = 75165B5B239DE7100039B966 /* loser.png */; };
		75165B5E239DE7600039B966 /* winner.png in Resources */ = {isa = PBXBuildFile; fileRef = 75165B5D239DE7600039B966 /* winner.png */; };
		75165B60239DE7E90039B966 /* tryAgain.png in Resources */ = {isa = PBXBuildFile; fileRef = 75165B5F239DE7E90039B966 /* tryAgain.png */; };
		75165B62239DE97A0039B966 /* youWon.png in Resources */ = {isa = PBXBuildFile; fileRef = 75165B61239DE9790039B966 /* youWon.png */; };
		75165B64239DEB070039B966 /* backToHome.png in Resources */ = {isa = PBXBuildFile; fileRef = 75165B63239DEB070039B966 /* backToHome.png */; };
		75165B84239E02F30039B966 /* ExpandViewController.swift in Sources */ = {isa = PBXBuildFile; fileRef = 75165B83239E02F30039B966 /* ExpandViewController.swift */; };
		75165B86239E06290039B966 /* EquipTableViewCell.swift in Sources */ = {isa = PBXBuildFile; fileRef = 75165B85239E06290039B966 /* EquipTableViewCell.swift */; };
		75165B88239E08F60039B966 /* 1.png in Resources */ = {isa = PBXBuildFile; fileRef = 75165B87239E08F60039B966 /* 1.png */; };
		75165B8A239E09000039B966 /* 2.png in Resources */ = {isa = PBXBuildFile; fileRef = 75165B89239E09000039B966 /* 2.png */; };
		75165B8C239E09060039B966 /* 3.png in Resources */ = {isa = PBXBuildFile; fileRef = 75165B8B239E09060039B966 /* 3.png */; };
		75165B8E239E090A0039B966 /* 4.png in Resources */ = {isa = PBXBuildFile; fileRef = 75165B8D239E090A0039B966 /* 4.png */; };
		75165B90239E09E60039B966 /* partyData.png in Resources */ = {isa = PBXBuildFile; fileRef = 75165B8F239E09E60039B966 /* partyData.png */; };
		753C7A6B239C356200E782FF /* InventoryScreen.storyboard in Resources */ = {isa = PBXBuildFile; fileRef = 753C7A6A239C356200E782FF /* InventoryScreen.storyboard */; };
		753C7A81239C86A600E782FF /* stoneBack.jpg in Resources */ = {isa = PBXBuildFile; fileRef = 753C7A80239C86A600E782FF /* stoneBack.jpg */; };
		753C7A83239C86AB00E782FF /* Old_Paper_PNG_Image.png in Resources */ = {isa = PBXBuildFile; fileRef = 753C7A82239C86AB00E782FF /* Old_Paper_PNG_Image.png */; };
		753C7A85239C873D00E782FF /* Party.storyboard in Resources */ = {isa = PBXBuildFile; fileRef = 753C7A84239C873D00E782FF /* Party.storyboard */; };
		753C7A87239C879400E782FF /* CharViewController.swift in Sources */ = {isa = PBXBuildFile; fileRef = 753C7A86239C879400E782FF /* CharViewController.swift */; };
		753C7A89239C8DB500E782FF /* update.png in Resources */ = {isa = PBXBuildFile; fileRef = 753C7A88239C8DB500E782FF /* update.png */; };
		753C7A8B239C8E2D00E782FF /* UpdatePartyButton.png in Resources */ = {isa = PBXBuildFile; fileRef = 753C7A8A239C8E2D00E782FF /* UpdatePartyButton.png */; };
		753C7A8D239C8EC300E782FF /* InfoButton.png in Resources */ = {isa = PBXBuildFile; fileRef = 753C7A8C239C8EC300E782FF /* InfoButton.png */; };
		753C7A96239C93D100E782FF /* CharCell.swift in Sources */ = {isa = PBXBuildFile; fileRef = 753C7A95239C93D100E782FF /* CharCell.swift */; };
		75ABBB922375E379006585FA /* plank.png in Resources */ = {isa = PBXBuildFile; fileRef = 75ABBB912375E379006585FA /* plank.png */; };
		75ABBB942375E45C006585FA /* Chars.png in Resources */ = {isa = PBXBuildFile; fileRef = 75ABBB932375E45C006585FA /* Chars.png */; };
		75ABBB962375E634006585FA /* bag.png in Resources */ = {isa = PBXBuildFile; fileRef = 75ABBB952375E634006585FA /* bag.png */; };
/* End PBXBuildFile section */

/* Begin PBXContainerItemProxy section */
		7198FDFE2375CFBB007F7A3C /* PBXContainerItemProxy */ = {
			isa = PBXContainerItemProxy;
			containerPortal = 7198FDDF2375CFBA007F7A3C /* Project object */;
			proxyType = 1;
			remoteGlobalIDString = 7198FDE62375CFBA007F7A3C;
			remoteInfo = FinalProd;
		};
		7198FE092375CFBB007F7A3C /* PBXContainerItemProxy */ = {
			isa = PBXContainerItemProxy;
			containerPortal = 7198FDDF2375CFBA007F7A3C /* Project object */;
			proxyType = 1;
			remoteGlobalIDString = 7198FDE62375CFBA007F7A3C;
			remoteInfo = FinalProd;
		};
		7198FE132375CFBB007F7A3C /* PBXContainerItemProxy */ = {
			isa = PBXContainerItemProxy;
			containerPortal = 7198FDDF2375CFBA007F7A3C /* Project object */;
			proxyType = 1;
			remoteGlobalIDString = 7198FE102375CFBB007F7A3C;
			remoteInfo = "FinalProd WatchKit App";
		};
		7198FE222375CFBC007F7A3C /* PBXContainerItemProxy */ = {
			isa = PBXContainerItemProxy;
			containerPortal = 7198FDDF2375CFBA007F7A3C /* Project object */;
			proxyType = 1;
			remoteGlobalIDString = 7198FE1F2375CFBC007F7A3C;
			remoteInfo = "FinalProd WatchKit Extension";
		};
/* End PBXContainerItemProxy section */

/* Begin PBXCopyFilesBuildPhase section */
		7198FE362375CFBD007F7A3C /* Embed App Extensions */ = {
			isa = PBXCopyFilesBuildPhase;
			buildActionMask = 2147483647;
			dstPath = "";
			dstSubfolderSpec = 13;
			files = (
				7198FE212375CFBC007F7A3C /* FinalProd WatchKit Extension.appex in Embed App Extensions */,
			);
			name = "Embed App Extensions";
			runOnlyForDeploymentPostprocessing = 0;
		};
		7198FE3A2375CFBD007F7A3C /* Embed Watch Content */ = {
			isa = PBXCopyFilesBuildPhase;
			buildActionMask = 2147483647;
			dstPath = "$(CONTENTS_FOLDER_PATH)/Watch";
			dstSubfolderSpec = 16;
			files = (
				7198FE122375CFBB007F7A3C /* FinalProd WatchKit App.app in Embed Watch Content */,
			);
			name = "Embed Watch Content";
			runOnlyForDeploymentPostprocessing = 0;
		};
/* End PBXCopyFilesBuildPhase section */

/* Begin PBXFileReference section */
		14141E5B2375F4F7009897CF /* Enemy.swift */ = {isa = PBXFileReference; lastKnownFileType = sourcecode.swift; path = Enemy.swift; sourceTree = "<group>"; };
		14141E5D2375F725009897CF /* EnemyData.swift */ = {isa = PBXFileReference; lastKnownFileType = sourcecode.swift; path = EnemyData.swift; sourceTree = "<group>"; };
		14141E5F2375F833009897CF /* Attack.swift */ = {isa = PBXFileReference; lastKnownFileType = sourcecode.swift; path = Attack.swift; sourceTree = "<group>"; };
		14141E622375FA2F009897CF /* Actor.swift */ = {isa = PBXFileReference; lastKnownFileType = sourcecode.swift; path = Actor.swift; sourceTree = "<group>"; };
		14141E642375FCB4009897CF /* Treasure.swift */ = {isa = PBXFileReference; lastKnownFileType = sourcecode.swift; path = Treasure.swift; sourceTree = "<group>"; };
		1438E8D2239D883500238BC6 /* Weapon.swift */ = {isa = PBXFileReference; fileEncoding = 4; lastKnownFileType = sourcecode.swift; path = Weapon.swift; sourceTree = "<group>"; };
		1438E8D4239D8AF200238BC6 /* BattleScene.swift */ = {isa = PBXFileReference; lastKnownFileType = sourcecode.swift; path = BattleScene.swift; sourceTree = "<group>"; };
		1438E8D6239D93D800238BC6 /* BattleView.storyboard */ = {isa = PBXFileReference; lastKnownFileType = file.storyboard; path = BattleView.storyboard; sourceTree = "<group>"; };
		1438E8DA239DA8FF00238BC6 /* dungeonfloor.jpg */ = {isa = PBXFileReference; lastKnownFileType = image.jpeg; path = dungeonfloor.jpg; sourceTree = "<group>"; };
		1438E8DC239DAA5B00238BC6 /* pngStone.png */ = {isa = PBXFileReference; lastKnownFileType = image.png; path = pngStone.png; sourceTree = "<group>"; };
		143C5600239C9B56005BE4D4 /* AttackSteal.swift */ = {isa = PBXFileReference; lastKnownFileType = sourcecode.swift; path = AttackSteal.swift; sourceTree = "<group>"; };
		1443F06A239C359D008CB82A /* GameKit.framework */ = {isa = PBXFileReference; lastKnownFileType = wrapper.framework; name = GameKit.framework; path = System/Library/Frameworks/GameKit.framework; sourceTree = SDKROOT; };
		1443F06C239C35FC008CB82A /* BattleScreenViewController.swift */ = {isa = PBXFileReference; lastKnownFileType = sourcecode.swift; path = BattleScreenViewController.swift; sourceTree = "<group>"; };
		1443F071239C36C2008CB82A /* BattleScene.sks */ = {isa = PBXFileReference; lastKnownFileType = file.sks; path = BattleScene.sks; sourceTree = "<group>"; };
		14762BE6239C6B1300A1254F /* 8Front.png */ = {isa = PBXFileReference; lastKnownFileType = image.png; path = 8Front.png; sourceTree = "<group>"; };
		14762BE7239C6B1300A1254F /* 5Front.png */ = {isa = PBXFileReference; lastKnownFileType = image.png; path = 5Front.png; sourceTree = "<group>"; };
		14762BE8239C6B1300A1254F /* 5Back.png */ = {isa = PBXFileReference; lastKnownFileType = image.png; path = 5Back.png; sourceTree = "<group>"; };
		14762BE9239C6B1300A1254F /* 6Front.png */ = {isa = PBXFileReference; lastKnownFileType = image.png; path = 6Front.png; sourceTree = "<group>"; };
		14762BEA239C6B1300A1254F /* 7Front.png */ = {isa = PBXFileReference; lastKnownFileType = image.png; path = 7Front.png; sourceTree = "<group>"; };
		14762BEB239C6B1300A1254F /* 4Back.png */ = {isa = PBXFileReference; lastKnownFileType = image.png; path = 4Back.png; sourceTree = "<group>"; };
		14762BEC239C6B1300A1254F /* 2Front.png */ = {isa = PBXFileReference; lastKnownFileType = image.png; path = 2Front.png; sourceTree = "<group>"; };
		14762BED239C6B1400A1254F /* 4Front.png */ = {isa = PBXFileReference; lastKnownFileType = image.png; path = 4Front.png; sourceTree = "<group>"; };
		14762BEE239C6B1400A1254F /* 3Back.png */ = {isa = PBXFileReference; lastKnownFileType = image.png; path = 3Back.png; sourceTree = "<group>"; };
		14762BEF239C6B1400A1254F /* 3Front.png */ = {isa = PBXFileReference; lastKnownFileType = image.png; path = 3Front.png; sourceTree = "<group>"; };
		14762BF0239C6B1400A1254F /* 8Back.png */ = {isa = PBXFileReference; lastKnownFileType = image.png; path = 8Back.png; sourceTree = "<group>"; };
		14762BF1239C6B1400A1254F /* 1Front.png */ = {isa = PBXFileReference; lastKnownFileType = image.png; path = 1Front.png; sourceTree = "<group>"; };
		14762BF2239C6B1400A1254F /* 2Back.png */ = {isa = PBXFileReference; lastKnownFileType = image.png; path = 2Back.png; sourceTree = "<group>"; };
		14762BF3239C6B1400A1254F /* 7Back.png */ = {isa = PBXFileReference; lastKnownFileType = image.png; path = 7Back.png; sourceTree = "<group>"; };
		14762BF4239C6B1400A1254F /* 6Back.png */ = {isa = PBXFileReference; lastKnownFileType = image.png; path = 6Back.png; sourceTree = "<group>"; };
		14762BF5239C6B1400A1254F /* 1Back.png */ = {isa = PBXFileReference; lastKnownFileType = image.png; path = 1Back.png; sourceTree = "<group>"; };
		14762C06239C6B3800A1254F /* Ninja.png */ = {isa = PBXFileReference; lastKnownFileType = image.png; path = Ninja.png; sourceTree = "<group>"; };
		14762C07239C6B3800A1254F /* Samurai.png */ = {isa = PBXFileReference; lastKnownFileType = image.png; path = Samurai.png; sourceTree = "<group>"; };
		14762C08239C6B3800A1254F /* Skele.png */ = {isa = PBXFileReference; lastKnownFileType = image.png; path = Skele.png; sourceTree = "<group>"; };
		14762C09239C6B3800A1254F /* Clown.png */ = {isa = PBXFileReference; lastKnownFileType = image.png; path = Clown.png; sourceTree = "<group>"; };
		14762C0A239C6B3800A1254F /* BeakThing.png */ = {isa = PBXFileReference; lastKnownFileType = image.png; path = BeakThing.png; sourceTree = "<group>"; };
		14762C0B239C6B3800A1254F /* Furry.png */ = {isa = PBXFileReference; lastKnownFileType = image.png; path = Furry.png; sourceTree = "<group>"; };
		14762C0C239C6B3800A1254F /* Vamp.png */ = {isa = PBXFileReference; lastKnownFileType = image.png; path = Vamp.png; sourceTree = "<group>"; };
		14762C0D239C6B3800A1254F /* Ghost.png */ = {isa = PBXFileReference; lastKnownFileType = image.png; path = Ghost.png; sourceTree = "<group>"; };
		14A88452239C74AF00169433 /* Battlefield.swift */ = {isa = PBXFileReference; lastKnownFileType = sourcecode.swift; path = Battlefield.swift; sourceTree = "<group>"; };
		14A88454239C772600169433 /* Hero.swift */ = {isa = PBXFileReference; lastKnownFileType = sourcecode.swift; path = Hero.swift; sourceTree = "<group>"; };
		14A88456239C80E000169433 /* DataStore.swift */ = {isa = PBXFileReference; lastKnownFileType = sourcecode.swift; path = DataStore.swift; sourceTree = "<group>"; };
		14A88458239C86EA00169433 /* AttackLowest.swift */ = {isa = PBXFileReference; lastKnownFileType = sourcecode.swift; path = AttackLowest.swift; sourceTree = "<group>"; };
		14A8845C239C8E1400169433 /* HealAlly.swift */ = {isa = PBXFileReference; lastKnownFileType = sourcecode.swift; path = HealAlly.swift; sourceTree = "<group>"; };
		14A8845E239C91FA00169433 /* AttackAll.swift */ = {isa = PBXFileReference; lastKnownFileType = sourcecode.swift; path = AttackAll.swift; sourceTree = "<group>"; };
		4108EF91239D95F200C299FE /* InventoryViewController.swift */ = {isa = PBXFileReference; lastKnownFileType = sourcecode.swift; path = InventoryViewController.swift; sourceTree = "<group>"; };
		4108EF93239D970D00C299FE /* backpack.png */ = {isa = PBXFileReference; lastKnownFileType = image.png; path = backpack.png; sourceTree = "<group>"; };
		4108EF95239DB30200C299FE /* Sword.swift */ = {isa = PBXFileReference; lastKnownFileType = sourcecode.swift; path = Sword.swift; sourceTree = "<group>"; };
		4108EF97239DC94B00C299FE /* InventoryCell.swift */ = {isa = PBXFileReference; lastKnownFileType = sourcecode.swift; path = InventoryCell.swift; sourceTree = "<group>"; };
		412DD87C2375DDF5008A1736 /* ShopViewController.swift */ = {isa = PBXFileReference; lastKnownFileType = sourcecode.swift; path = ShopViewController.swift; sourceTree = "<group>"; };
		412DD87E2375E5A7008A1736 /* Item.swift */ = {isa = PBXFileReference; lastKnownFileType = sourcecode.swift; path = Item.swift; sourceTree = "<group>"; };
		412DD8822375E5E6008A1736 /* Armor.swift */ = {isa = PBXFileReference; lastKnownFileType = sourcecode.swift; path = Armor.swift; sourceTree = "<group>"; };
		412DD8862375E711008A1736 /* Consumables.swift */ = {isa = PBXFileReference; lastKnownFileType = sourcecode.swift; path = Consumables.swift; sourceTree = "<group>"; };
		4144FCE4239C9DD5003339C1 /* UserInfo.swift */ = {isa = PBXFileReference; lastKnownFileType = sourcecode.swift; path = UserInfo.swift; sourceTree = "<group>"; };
		4144FCEA239CB91D003339C1 /* Excalibur.swift */ = {isa = PBXFileReference; lastKnownFileType = sourcecode.swift; path = Excalibur.swift; sourceTree = "<group>"; };
		4144FCEC239D75B2003339C1 /* Dou.swift */ = {isa = PBXFileReference; lastKnownFileType = sourcecode.swift; path = Dou.swift; sourceTree = "<group>"; };
		4144FCEE239D7840003339C1 /* Durandal.swift */ = {isa = PBXFileReference; lastKnownFileType = sourcecode.swift; path = Durandal.swift; sourceTree = "<group>"; };
		4144FCF0239D7861003339C1 /* Karuta.swift */ = {isa = PBXFileReference; lastKnownFileType = sourcecode.swift; path = Karuta.swift; sourceTree = "<group>"; };
		4144FCF2239D82FC003339C1 /* Health.swift */ = {isa = PBXFileReference; lastKnownFileType = sourcecode.swift; path = Health.swift; sourceTree = "<group>"; };
		4144FCF4239D847C003339C1 /* Kusanagi.swift */ = {isa = PBXFileReference; lastKnownFileType = sourcecode.swift; path = Kusanagi.swift; sourceTree = "<group>"; };
		4144FCF6239D848B003339C1 /* Asi.swift */ = {isa = PBXFileReference; lastKnownFileType = sourcecode.swift; path = Asi.swift; sourceTree = "<group>"; };
		4144FCF8239D84A5003339C1 /* Chrysaor.swift */ = {isa = PBXFileReference; lastKnownFileType = sourcecode.swift; path = Chrysaor.swift; sourceTree = "<group>"; };
		4144FCFA239D84B6003339C1 /* Harpe.swift */ = {isa = PBXFileReference; lastKnownFileType = sourcecode.swift; path = Harpe.swift; sourceTree = "<group>"; };
		4144FCFC239D84C7003339C1 /* Secace.swift */ = {isa = PBXFileReference; lastKnownFileType = sourcecode.swift; path = Secace.swift; sourceTree = "<group>"; };
		4144FCFE239D8500003339C1 /* Usumidori.swift */ = {isa = PBXFileReference; lastKnownFileType = sourcecode.swift; path = Usumidori.swift; sourceTree = "<group>"; };
		4144FD00239D850D003339C1 /* Zulfiqar.swift */ = {isa = PBXFileReference; lastKnownFileType = sourcecode.swift; path = Zulfiqar.swift; sourceTree = "<group>"; };
		4144FD02239D851D003339C1 /* Caliburn.swift */ = {isa = PBXFileReference; lastKnownFileType = sourcecode.swift; path = Caliburn.swift; sourceTree = "<group>"; };
		4144FD04239D861E003339C1 /* Muramasa.swift */ = {isa = PBXFileReference; lastKnownFileType = sourcecode.swift; path = Muramasa.swift; sourceTree = "<group>"; };
		7117BB7A239C834C005BEC6B /* tavern.png */ = {isa = PBXFileReference; lastKnownFileType = image.png; path = tavern.png; sourceTree = "<group>"; };
		7117BB7C239C839E005BEC6B /* vendor.png */ = {isa = PBXFileReference; lastKnownFileType = image.png; path = vendor.png; sourceTree = "<group>"; };
		7117BB7E239C8419005BEC6B /* battle.png */ = {isa = PBXFileReference; lastKnownFileType = image.png; path = battle.png; sourceTree = "<group>"; };
		7117BB80239C8456005BEC6B /* redcross.png */ = {isa = PBXFileReference; lastKnownFileType = image.png; path = redcross.png; sourceTree = "<group>"; };
		7117BB92239C88EC005BEC6B /* redcross.png */ = {isa = PBXFileReference; lastKnownFileType = image.png; path = redcross.png; sourceTree = "<group>"; };
		7117BB93239C88EC005BEC6B /* vendor.png */ = {isa = PBXFileReference; lastKnownFileType = image.png; path = vendor.png; sourceTree = "<group>"; };
		7117BB94239C88EC005BEC6B /* tavern.png */ = {isa = PBXFileReference; lastKnownFileType = image.png; path = tavern.png; sourceTree = "<group>"; };
		7117BB95239C88EC005BEC6B /* battle.png */ = {isa = PBXFileReference; lastKnownFileType = image.png; path = battle.png; sourceTree = "<group>"; };
		7117BBA6239DE2C7005BEC6B /* PartyViewController.swift */ = {isa = PBXFileReference; lastKnownFileType = sourcecode.swift; path = PartyViewController.swift; sourceTree = "<group>"; };
		7117BBA8239DE3C2005BEC6B /* WatchConnectivity.framework */ = {isa = PBXFileReference; lastKnownFileType = wrapper.framework; name = WatchConnectivity.framework; path = System/Library/Frameworks/WatchConnectivity.framework; sourceTree = SDKROOT; };
		7117BBAD239DEB37005BEC6B /* ProgramObject.swift */ = {isa = PBXFileReference; lastKnownFileType = sourcecode.swift; path = ProgramObject.swift; sourceTree = "<group>"; };
		7198FDE72375CFBA007F7A3C /* FinalProd.app */ = {isa = PBXFileReference; explicitFileType = wrapper.application; includeInIndex = 0; path = FinalProd.app; sourceTree = BUILT_PRODUCTS_DIR; };
		7198FDEA2375CFBA007F7A3C /* AppDelegate.swift */ = {isa = PBXFileReference; lastKnownFileType = sourcecode.swift; path = AppDelegate.swift; sourceTree = "<group>"; };
		7198FDEC2375CFBA007F7A3C /* SceneDelegate.swift */ = {isa = PBXFileReference; lastKnownFileType = sourcecode.swift; path = SceneDelegate.swift; sourceTree = "<group>"; };
		7198FDEE2375CFBA007F7A3C /* ViewController.swift */ = {isa = PBXFileReference; lastKnownFileType = sourcecode.swift; path = ViewController.swift; sourceTree = "<group>"; };
		7198FDF12375CFBA007F7A3C /* Base */ = {isa = PBXFileReference; lastKnownFileType = file.storyboard; name = Base; path = Base.lproj/Main.storyboard; sourceTree = "<group>"; };
		7198FDF32375CFBB007F7A3C /* Assets.xcassets */ = {isa = PBXFileReference; lastKnownFileType = folder.assetcatalog; path = Assets.xcassets; sourceTree = "<group>"; };
		7198FDF62375CFBB007F7A3C /* Base */ = {isa = PBXFileReference; lastKnownFileType = file.storyboard; name = Base; path = Base.lproj/LaunchScreen.storyboard; sourceTree = "<group>"; };
		7198FDF82375CFBB007F7A3C /* Info.plist */ = {isa = PBXFileReference; lastKnownFileType = text.plist.xml; path = Info.plist; sourceTree = "<group>"; };
		7198FDFD2375CFBB007F7A3C /* FinalProdTests.xctest */ = {isa = PBXFileReference; explicitFileType = wrapper.cfbundle; includeInIndex = 0; path = FinalProdTests.xctest; sourceTree = BUILT_PRODUCTS_DIR; };
		7198FE012375CFBB007F7A3C /* FinalProdTests.swift */ = {isa = PBXFileReference; lastKnownFileType = sourcecode.swift; path = FinalProdTests.swift; sourceTree = "<group>"; };
		7198FE032375CFBB007F7A3C /* Info.plist */ = {isa = PBXFileReference; lastKnownFileType = text.plist.xml; path = Info.plist; sourceTree = "<group>"; };
		7198FE082375CFBB007F7A3C /* FinalProdUITests.xctest */ = {isa = PBXFileReference; explicitFileType = wrapper.cfbundle; includeInIndex = 0; path = FinalProdUITests.xctest; sourceTree = BUILT_PRODUCTS_DIR; };
		7198FE0C2375CFBB007F7A3C /* FinalProdUITests.swift */ = {isa = PBXFileReference; lastKnownFileType = sourcecode.swift; path = FinalProdUITests.swift; sourceTree = "<group>"; };
		7198FE0E2375CFBB007F7A3C /* Info.plist */ = {isa = PBXFileReference; lastKnownFileType = text.plist.xml; path = Info.plist; sourceTree = "<group>"; };
		7198FE112375CFBB007F7A3C /* FinalProd WatchKit App.app */ = {isa = PBXFileReference; explicitFileType = wrapper.application; includeInIndex = 0; path = "FinalProd WatchKit App.app"; sourceTree = BUILT_PRODUCTS_DIR; };
		7198FE172375CFBB007F7A3C /* Base */ = {isa = PBXFileReference; lastKnownFileType = file.storyboard; name = Base; path = Base.lproj/Interface.storyboard; sourceTree = "<group>"; };
		7198FE192375CFBC007F7A3C /* Assets.xcassets */ = {isa = PBXFileReference; lastKnownFileType = folder.assetcatalog; path = Assets.xcassets; sourceTree = "<group>"; };
		7198FE1B2375CFBC007F7A3C /* Info.plist */ = {isa = PBXFileReference; lastKnownFileType = text.plist.xml; path = Info.plist; sourceTree = "<group>"; };
		7198FE202375CFBC007F7A3C /* FinalProd WatchKit Extension.appex */ = {isa = PBXFileReference; explicitFileType = "wrapper.app-extension"; includeInIndex = 0; path = "FinalProd WatchKit Extension.appex"; sourceTree = BUILT_PRODUCTS_DIR; };
		7198FE252375CFBC007F7A3C /* InterfaceController.swift */ = {isa = PBXFileReference; lastKnownFileType = sourcecode.swift; path = InterfaceController.swift; sourceTree = "<group>"; };
		7198FE272375CFBC007F7A3C /* ExtensionDelegate.swift */ = {isa = PBXFileReference; lastKnownFileType = sourcecode.swift; path = ExtensionDelegate.swift; sourceTree = "<group>"; };
		7198FE292375CFBC007F7A3C /* NotificationController.swift */ = {isa = PBXFileReference; lastKnownFileType = sourcecode.swift; path = NotificationController.swift; sourceTree = "<group>"; };
		7198FE2B2375CFBC007F7A3C /* ComplicationController.swift */ = {isa = PBXFileReference; lastKnownFileType = sourcecode.swift; path = ComplicationController.swift; sourceTree = "<group>"; };
		7198FE2D2375CFBD007F7A3C /* Assets.xcassets */ = {isa = PBXFileReference; lastKnownFileType = folder.assetcatalog; path = Assets.xcassets; sourceTree = "<group>"; };
		7198FE2F2375CFBD007F7A3C /* Info.plist */ = {isa = PBXFileReference; lastKnownFileType = text.plist.xml; path = Info.plist; sourceTree = "<group>"; };
		7198FE302375CFBD007F7A3C /* PushNotificationPayload.apns */ = {isa = PBXFileReference; lastKnownFileType = text; path = PushNotificationPayload.apns; sourceTree = "<group>"; };
		7198FE552375DCF5007F7A3C /* MapIcon.swift */ = {isa = PBXFileReference; lastKnownFileType = sourcecode.swift; path = MapIcon.swift; sourceTree = "<group>"; };
		7198FE582375DF73007F7A3C /* uisquare.png */ = {isa = PBXFileReference; lastKnownFileType = image.png; path = uisquare.png; sourceTree = "<group>"; };
		7198FE5B2375E1E8007F7A3C /* CoreLocation.framework */ = {isa = PBXFileReference; lastKnownFileType = wrapper.framework; name = CoreLocation.framework; path = System/Library/Frameworks/CoreLocation.framework; sourceTree = SDKROOT; };
		7198FE5D2375E2DB007F7A3C /* MapKit.framework */ = {isa = PBXFileReference; lastKnownFileType = wrapper.framework; name = MapKit.framework; path = System/Library/Frameworks/MapKit.framework; sourceTree = SDKROOT; };
		75165B48239D89320039B966 /* Loading.png */ = {isa = PBXFileReference; lastKnownFileType = image.png; path = Loading.png; sourceTree = "<group>"; };
		75165B4A239D89B10039B966 /* Bolster.swift */ = {isa = PBXFileReference; lastKnownFileType = sourcecode.swift; path = Bolster.swift; sourceTree = "<group>"; };
		75165B4D239DE5340039B966 /* WinLoss.storyboard */ = {isa = PBXFileReference; lastKnownFileType = file.storyboard; path = WinLoss.storyboard; sourceTree = "<group>"; };
		75165B4F239DE5790039B966 /* WinViewController.swift */ = {isa = PBXFileReference; lastKnownFileType = sourcecode.swift; path = WinViewController.swift; sourceTree = "<group>"; };
		75165B51239DE5870039B966 /* LossViewController.swift */ = {isa = PBXFileReference; lastKnownFileType = sourcecode.swift; path = LossViewController.swift; sourceTree = "<group>"; };
		75165B53239DE63A0039B966 /* victory.png */ = {isa = PBXFileReference; lastKnownFileType = image.png; path = victory.png; sourceTree = "<group>"; };
		75165B55239DE6430039B966 /* defeat.png */ = {isa = PBXFileReference; lastKnownFileType = image.png; path = defeat.png; sourceTree = "<group>"; };
		75165B57239DE6C80039B966 /* win.png */ = {isa = PBXFileReference; lastKnownFileType = image.png; path = win.png; sourceTree = "<group>"; };
		75165B59239DE6EE0039B966 /* loss.png */ = {isa = PBXFileReference; lastKnownFileType = image.png; path = loss.png; sourceTree = "<group>"; };
		75165B5B239DE7100039B966 /* loser.png */ = {isa = PBXFileReference; lastKnownFileType = image.png; path = loser.png; sourceTree = "<group>"; };
		75165B5D239DE7600039B966 /* winner.png */ = {isa = PBXFileReference; lastKnownFileType = image.png; path = winner.png; sourceTree = "<group>"; };
		75165B5F239DE7E90039B966 /* tryAgain.png */ = {isa = PBXFileReference; lastKnownFileType = image.png; path = tryAgain.png; sourceTree = "<group>"; };
		75165B61239DE9790039B966 /* youWon.png */ = {isa = PBXFileReference; lastKnownFileType = image.png; path = youWon.png; sourceTree = "<group>"; };
		75165B63239DEB070039B966 /* backToHome.png */ = {isa = PBXFileReference; lastKnownFileType = image.png; path = backToHome.png; sourceTree = "<group>"; };
		75165B83239E02F30039B966 /* ExpandViewController.swift */ = {isa = PBXFileReference; lastKnownFileType = sourcecode.swift; path = ExpandViewController.swift; sourceTree = "<group>"; };
		75165B85239E06290039B966 /* EquipTableViewCell.swift */ = {isa = PBXFileReference; lastKnownFileType = sourcecode.swift; path = EquipTableViewCell.swift; sourceTree = "<group>"; };
		75165B87239E08F60039B966 /* 1.png */ = {isa = PBXFileReference; lastKnownFileType = image.png; path = 1.png; sourceTree = "<group>"; };
		75165B89239E09000039B966 /* 2.png */ = {isa = PBXFileReference; lastKnownFileType = image.png; path = 2.png; sourceTree = "<group>"; };
		75165B8B239E09060039B966 /* 3.png */ = {isa = PBXFileReference; lastKnownFileType = image.png; path = 3.png; sourceTree = "<group>"; };
		75165B8D239E090A0039B966 /* 4.png */ = {isa = PBXFileReference; lastKnownFileType = image.png; path = 4.png; sourceTree = "<group>"; };
		75165B8F239E09E60039B966 /* partyData.png */ = {isa = PBXFileReference; lastKnownFileType = image.png; path = partyData.png; sourceTree = "<group>"; };
		753C7A6A239C356200E782FF /* InventoryScreen.storyboard */ = {isa = PBXFileReference; lastKnownFileType = file.storyboard; path = InventoryScreen.storyboard; sourceTree = "<group>"; };
		753C7A80239C86A600E782FF /* stoneBack.jpg */ = {isa = PBXFileReference; lastKnownFileType = image.jpeg; path = stoneBack.jpg; sourceTree = "<group>"; };
		753C7A82239C86AB00E782FF /* Old_Paper_PNG_Image.png */ = {isa = PBXFileReference; lastKnownFileType = image.png; path = Old_Paper_PNG_Image.png; sourceTree = "<group>"; };
		753C7A84239C873D00E782FF /* Party.storyboard */ = {isa = PBXFileReference; lastKnownFileType = file.storyboard; path = Party.storyboard; sourceTree = "<group>"; };
		753C7A86239C879400E782FF /* CharViewController.swift */ = {isa = PBXFileReference; lastKnownFileType = sourcecode.swift; path = CharViewController.swift; sourceTree = "<group>"; };
		753C7A88239C8DB500E782FF /* update.png */ = {isa = PBXFileReference; lastKnownFileType = image.png; path = update.png; sourceTree = "<group>"; };
		753C7A8A239C8E2D00E782FF /* UpdatePartyButton.png */ = {isa = PBXFileReference; lastKnownFileType = image.png; path = UpdatePartyButton.png; sourceTree = "<group>"; };
		753C7A8C239C8EC300E782FF /* InfoButton.png */ = {isa = PBXFileReference; lastKnownFileType = image.png; path = InfoButton.png; sourceTree = "<group>"; };
		753C7A95239C93D100E782FF /* CharCell.swift */ = {isa = PBXFileReference; lastKnownFileType = sourcecode.swift; path = CharCell.swift; sourceTree = "<group>"; };
		75ABBB912375E379006585FA /* plank.png */ = {isa = PBXFileReference; lastKnownFileType = image.png; path = plank.png; sourceTree = "<group>"; };
		75ABBB932375E45C006585FA /* Chars.png */ = {isa = PBXFileReference; lastKnownFileType = image.png; path = Chars.png; sourceTree = "<group>"; };
		75ABBB952375E634006585FA /* bag.png */ = {isa = PBXFileReference; lastKnownFileType = image.png; path = bag.png; sourceTree = "<group>"; };
/* End PBXFileReference section */

/* Begin PBXFrameworksBuildPhase section */
		7198FDE42375CFBA007F7A3C /* Frameworks */ = {
			isa = PBXFrameworksBuildPhase;
			buildActionMask = 2147483647;
			files = (
				1443F06B239C359D008CB82A /* GameKit.framework in Frameworks */,
				7117BBA9239DE3C2005BEC6B /* WatchConnectivity.framework in Frameworks */,
				7198FE5E2375E2DB007F7A3C /* MapKit.framework in Frameworks */,
				7198FE5C2375E1E8007F7A3C /* CoreLocation.framework in Frameworks */,
			);
			runOnlyForDeploymentPostprocessing = 0;
		};
		7198FDFA2375CFBB007F7A3C /* Frameworks */ = {
			isa = PBXFrameworksBuildPhase;
			buildActionMask = 2147483647;
			files = (
			);
			runOnlyForDeploymentPostprocessing = 0;
		};
		7198FE052375CFBB007F7A3C /* Frameworks */ = {
			isa = PBXFrameworksBuildPhase;
			buildActionMask = 2147483647;
			files = (
			);
			runOnlyForDeploymentPostprocessing = 0;
		};
		7198FE1D2375CFBC007F7A3C /* Frameworks */ = {
			isa = PBXFrameworksBuildPhase;
			buildActionMask = 2147483647;
			files = (
			);
			runOnlyForDeploymentPostprocessing = 0;
		};
/* End PBXFrameworksBuildPhase section */

/* Begin PBXGroup section */
		14141E612375F999009897CF /* Attacks */ = {
			isa = PBXGroup;
			children = (
				14A88458239C86EA00169433 /* AttackLowest.swift */,
				14A8845C239C8E1400169433 /* HealAlly.swift */,
				14A8845E239C91FA00169433 /* AttackAll.swift */,
				143C5600239C9B56005BE4D4 /* AttackSteal.swift */,
				75165B4A239D89B10039B966 /* Bolster.swift */,
			);
			path = Attacks;
			sourceTree = "<group>";
		};
		1443F06E239C3646008CB82A /* BattleScene */ = {
			isa = PBXGroup;
			children = (
				1443F06C239C35FC008CB82A /* BattleScreenViewController.swift */,
				1443F071239C36C2008CB82A /* BattleScene.sks */,
				1438E8D4239D8AF200238BC6 /* BattleScene.swift */,
			);
			path = BattleScene;
			sourceTree = "<group>";
		};
		1443F075239C38C6008CB82A /* Enemies */ = {
			isa = PBXGroup;
			children = (
				14762C0A239C6B3800A1254F /* BeakThing.png */,
				14762C09239C6B3800A1254F /* Clown.png */,
				14762C0B239C6B3800A1254F /* Furry.png */,
				14762C0D239C6B3800A1254F /* Ghost.png */,
				14762C06239C6B3800A1254F /* Ninja.png */,
				14762C07239C6B3800A1254F /* Samurai.png */,
				14762C08239C6B3800A1254F /* Skele.png */,
				14762C0C239C6B3800A1254F /* Vamp.png */,
			);
			path = Enemies;
			sourceTree = "<group>";
		};
		1443F076239C38CC008CB82A /* Heroes */ = {
			isa = PBXGroup;
			children = (
				14762BF5239C6B1400A1254F /* 1Back.png */,
				14762BF1239C6B1400A1254F /* 1Front.png */,
				14762BF2239C6B1400A1254F /* 2Back.png */,
				14762BEC239C6B1300A1254F /* 2Front.png */,
				14762BEE239C6B1400A1254F /* 3Back.png */,
				14762BEF239C6B1400A1254F /* 3Front.png */,
				14762BEB239C6B1300A1254F /* 4Back.png */,
				14762BED239C6B1400A1254F /* 4Front.png */,
				14762BE8239C6B1300A1254F /* 5Back.png */,
				14762BE7239C6B1300A1254F /* 5Front.png */,
				14762BF4239C6B1400A1254F /* 6Back.png */,
				14762BE9239C6B1300A1254F /* 6Front.png */,
				14762BF3239C6B1400A1254F /* 7Back.png */,
				14762BEA239C6B1300A1254F /* 7Front.png */,
				14762BF0239C6B1400A1254F /* 8Back.png */,
				14762BE6239C6B1300A1254F /* 8Front.png */,
			);
			path = Heroes;
			sourceTree = "<group>";
		};
		4144FCE6239CB62D003339C1 /* Items */ = {
			isa = PBXGroup;
			children = (
				412DD8822375E5E6008A1736 /* Armor.swift */,
				412DD8862375E711008A1736 /* Consumables.swift */,
				412DD87E2375E5A7008A1736 /* Item.swift */,
				1438E8D2239D883500238BC6 /* Weapon.swift */,
				4144FCE9239CB6E2003339C1 /* Consumables */,
				4144FCE8239CB6B4003339C1 /* Armours */,
				4144FCE7239CB69E003339C1 /* Weapons */,
			);
			path = Items;
			sourceTree = "<group>";
		};
		4144FCE7239CB69E003339C1 /* Weapons */ = {
			isa = PBXGroup;
			children = (
				4144FCEA239CB91D003339C1 /* Excalibur.swift */,
				4144FCEE239D7840003339C1 /* Durandal.swift */,
				4144FCF4239D847C003339C1 /* Kusanagi.swift */,
				4144FCF6239D848B003339C1 /* Asi.swift */,
				4144FCF8239D84A5003339C1 /* Chrysaor.swift */,
				4144FCFA239D84B6003339C1 /* Harpe.swift */,
				4144FCFC239D84C7003339C1 /* Secace.swift */,
				4144FCFE239D8500003339C1 /* Usumidori.swift */,
				4144FD00239D850D003339C1 /* Zulfiqar.swift */,
				4144FD02239D851D003339C1 /* Caliburn.swift */,
				4144FD04239D861E003339C1 /* Muramasa.swift */,
				4108EF95239DB30200C299FE /* Sword.swift */,
			);
			path = Weapons;
			sourceTree = "<group>";
		};
		4144FCE8239CB6B4003339C1 /* Armours */ = {
			isa = PBXGroup;
			children = (
				4144FCEC239D75B2003339C1 /* Dou.swift */,
				4144FCF0239D7861003339C1 /* Karuta.swift */,
			);
			path = Armours;
			sourceTree = "<group>";
		};
		4144FCE9239CB6E2003339C1 /* Consumables */ = {
			isa = PBXGroup;
			children = (
				4144FCF2239D82FC003339C1 /* Health.swift */,
			);
			path = Consumables;
			sourceTree = "<group>";
		};
		7117BB83239C8572005BEC6B /* Recovered References */ = {
			isa = PBXGroup;
			children = (
				7117BB7C239C839E005BEC6B /* vendor.png */,
				7117BB80239C8456005BEC6B /* redcross.png */,
				7117BB7A239C834C005BEC6B /* tavern.png */,
				7117BB7E239C8419005BEC6B /* battle.png */,
			);
			name = "Recovered References";
			sourceTree = "<group>";
		};
		7117BB91239C88D3005BEC6B /* MapIcons */ = {
			isa = PBXGroup;
			children = (
				7117BB95239C88EC005BEC6B /* battle.png */,
				7117BB92239C88EC005BEC6B /* redcross.png */,
				7117BB94239C88EC005BEC6B /* tavern.png */,
				7117BB93239C88EC005BEC6B /* vendor.png */,
			);
			path = MapIcons;
			sourceTree = "<group>";
		};
		7198FDDE2375CFBA007F7A3C = {
			isa = PBXGroup;
			children = (
				7198FDE92375CFBA007F7A3C /* FinalProd */,
				7198FE002375CFBB007F7A3C /* FinalProdTests */,
				7198FE0B2375CFBB007F7A3C /* FinalProdUITests */,
				7198FE152375CFBB007F7A3C /* FinalProd WatchKit App */,
				7198FE242375CFBC007F7A3C /* FinalProd WatchKit Extension */,
				7198FDE82375CFBA007F7A3C /* Products */,
				7198FE5A2375E1E7007F7A3C /* Frameworks */,
				7117BB83239C8572005BEC6B /* Recovered References */,
			);
			sourceTree = "<group>";
		};
		7198FDE82375CFBA007F7A3C /* Products */ = {
			isa = PBXGroup;
			children = (
				7198FDE72375CFBA007F7A3C /* FinalProd.app */,
				7198FDFD2375CFBB007F7A3C /* FinalProdTests.xctest */,
				7198FE082375CFBB007F7A3C /* FinalProdUITests.xctest */,
				7198FE112375CFBB007F7A3C /* FinalProd WatchKit App.app */,
				7198FE202375CFBC007F7A3C /* FinalProd WatchKit Extension.appex */,
			);
			name = Products;
			sourceTree = "<group>";
		};
		7198FDE92375CFBA007F7A3C /* FinalProd */ = {
			isa = PBXGroup;
			children = (
				7198FE572375DF31007F7A3C /* Assets */,
				1443F06E239C3646008CB82A /* BattleScene */,
				7198FE502375DC74007F7A3C /* Class */,
				7198FE452375D71A007F7A3C /* Storyboards */,
				7198FE442375D705007F7A3C /* ViewControllers */,
				7198FDEA2375CFBA007F7A3C /* AppDelegate.swift */,
				7198FDEC2375CFBA007F7A3C /* SceneDelegate.swift */,
				7198FDF32375CFBB007F7A3C /* Assets.xcassets */,
				7198FDF82375CFBB007F7A3C /* Info.plist */,
			);
			path = FinalProd;
			sourceTree = "<group>";
		};
		7198FE002375CFBB007F7A3C /* FinalProdTests */ = {
			isa = PBXGroup;
			children = (
				7198FE012375CFBB007F7A3C /* FinalProdTests.swift */,
				7198FE032375CFBB007F7A3C /* Info.plist */,
			);
			path = FinalProdTests;
			sourceTree = "<group>";
		};
		7198FE0B2375CFBB007F7A3C /* FinalProdUITests */ = {
			isa = PBXGroup;
			children = (
				7198FE0C2375CFBB007F7A3C /* FinalProdUITests.swift */,
				7198FE0E2375CFBB007F7A3C /* Info.plist */,
			);
			path = FinalProdUITests;
			sourceTree = "<group>";
		};
		7198FE152375CFBB007F7A3C /* FinalProd WatchKit App */ = {
			isa = PBXGroup;
			children = (
				7198FE162375CFBB007F7A3C /* Interface.storyboard */,
				7198FE192375CFBC007F7A3C /* Assets.xcassets */,
				7198FE1B2375CFBC007F7A3C /* Info.plist */,
			);
			path = "FinalProd WatchKit App";
			sourceTree = "<group>";
		};
		7198FE242375CFBC007F7A3C /* FinalProd WatchKit Extension */ = {
			isa = PBXGroup;
			children = (
				7117BBA6239DE2C7005BEC6B /* PartyViewController.swift */,
				7198FE462375D738007F7A3C /* Controllers */,
				7198FE272375CFBC007F7A3C /* ExtensionDelegate.swift */,
				7198FE2D2375CFBD007F7A3C /* Assets.xcassets */,
				7198FE2F2375CFBD007F7A3C /* Info.plist */,
				7198FE302375CFBD007F7A3C /* PushNotificationPayload.apns */,
			);
			path = "FinalProd WatchKit Extension";
			sourceTree = "<group>";
		};
		7198FE442375D705007F7A3C /* ViewControllers */ = {
			isa = PBXGroup;
			children = (
				7198FDEE2375CFBA007F7A3C /* ViewController.swift */,
				412DD87C2375DDF5008A1736 /* ShopViewController.swift */,
				753C7A86239C879400E782FF /* CharViewController.swift */,
				4108EF91239D95F200C299FE /* InventoryViewController.swift */,
				75165B4F239DE5790039B966 /* WinViewController.swift */,
				75165B51239DE5870039B966 /* LossViewController.swift */,
				75165B83239E02F30039B966 /* ExpandViewController.swift */,
			);
			path = ViewControllers;
			sourceTree = "<group>";
		};
		7198FE452375D71A007F7A3C /* Storyboards */ = {
			isa = PBXGroup;
			children = (
				7198FDF52375CFBB007F7A3C /* LaunchScreen.storyboard */,
				753C7A6A239C356200E782FF /* InventoryScreen.storyboard */,
				7198FDF02375CFBA007F7A3C /* Main.storyboard */,
				753C7A84239C873D00E782FF /* Party.storyboard */,
				1438E8D6239D93D800238BC6 /* BattleView.storyboard */,
				75165B4D239DE5340039B966 /* WinLoss.storyboard */,
			);
			path = Storyboards;
			sourceTree = "<group>";
		};
		7198FE462375D738007F7A3C /* Controllers */ = {
			isa = PBXGroup;
			children = (
				7198FE2B2375CFBC007F7A3C /* ComplicationController.swift */,
				7198FE292375CFBC007F7A3C /* NotificationController.swift */,
				7198FE252375CFBC007F7A3C /* InterfaceController.swift */,
			);
			path = Controllers;
			sourceTree = "<group>";
		};
		7198FE502375DC74007F7A3C /* Class */ = {
			isa = PBXGroup;
			children = (
				7117BBAD239DEB37005BEC6B /* ProgramObject.swift */,
				4144FCE6239CB62D003339C1 /* Items */,
				14141E612375F999009897CF /* Attacks */,
				14141E622375FA2F009897CF /* Actor.swift */,
				14141E5F2375F833009897CF /* Attack.swift */,
				14A88452239C74AF00169433 /* Battlefield.swift */,
				14141E5B2375F4F7009897CF /* Enemy.swift */,
				14141E5D2375F725009897CF /* EnemyData.swift */,
				75165B85239E06290039B966 /* EquipTableViewCell.swift */,
				14A88454239C772600169433 /* Hero.swift */,
				7198FE552375DCF5007F7A3C /* MapIcon.swift */,
				14141E642375FCB4009897CF /* Treasure.swift */,
				14A88456239C80E000169433 /* DataStore.swift */,
				753C7A95239C93D100E782FF /* CharCell.swift */,
				4108EF97239DC94B00C299FE /* InventoryCell.swift */,
				4144FCE4239C9DD5003339C1 /* UserInfo.swift */,
			);
			path = Class;
			sourceTree = "<group>";
		};
		7198FE572375DF31007F7A3C /* Assets */ = {
			isa = PBXGroup;
			children = (
				75165B8F239E09E60039B966 /* partyData.png */,
				75165B87239E08F60039B966 /* 1.png */,
				75165B89239E09000039B966 /* 2.png */,
				75165B8B239E09060039B966 /* 3.png */,
				75165B8D239E090A0039B966 /* 4.png */,
				75165B63239DEB070039B966 /* backToHome.png */,
				75165B61239DE9790039B966 /* youWon.png */,
				75165B5F239DE7E90039B966 /* tryAgain.png */,
				75165B5D239DE7600039B966 /* winner.png */,
				75165B5B239DE7100039B966 /* loser.png */,
				75165B59239DE6EE0039B966 /* loss.png */,
				75165B57239DE6C80039B966 /* win.png */,
				75165B55239DE6430039B966 /* defeat.png */,
				75165B53239DE63A0039B966 /* victory.png */,
				1438E8DC239DAA5B00238BC6 /* pngStone.png */,
				1438E8DA239DA8FF00238BC6 /* dungeonfloor.jpg */,
				4108EF93239D970D00C299FE /* backpack.png */,
				75165B48239D89320039B966 /* Loading.png */,
				7117BB91239C88D3005BEC6B /* MapIcons */,
				753C7A88239C8DB500E782FF /* update.png */,
				753C7A8C239C8EC300E782FF /* InfoButton.png */,
				753C7A82239C86AB00E782FF /* Old_Paper_PNG_Image.png */,
				753C7A80239C86A600E782FF /* stoneBack.jpg */,
				753C7A8A239C8E2D00E782FF /* UpdatePartyButton.png */,
				1443F076239C38CC008CB82A /* Heroes */,
				1443F075239C38C6008CB82A /* Enemies */,
				75ABBB912375E379006585FA /* plank.png */,
				75ABBB952375E634006585FA /* bag.png */,
				75ABBB932375E45C006585FA /* Chars.png */,
				7198FE582375DF73007F7A3C /* uisquare.png */,
			);
			path = Assets;
			sourceTree = "<group>";
		};
		7198FE5A2375E1E7007F7A3C /* Frameworks */ = {
			isa = PBXGroup;
			children = (
				7117BBA8239DE3C2005BEC6B /* WatchConnectivity.framework */,
				1443F06A239C359D008CB82A /* GameKit.framework */,
				7198FE5D2375E2DB007F7A3C /* MapKit.framework */,
				7198FE5B2375E1E8007F7A3C /* CoreLocation.framework */,
			);
			name = Frameworks;
			sourceTree = "<group>";
		};
/* End PBXGroup section */

/* Begin PBXNativeTarget section */
		7198FDE62375CFBA007F7A3C /* FinalProd */ = {
			isa = PBXNativeTarget;
			buildConfigurationList = 7198FE3B2375CFBD007F7A3C /* Build configuration list for PBXNativeTarget "FinalProd" */;
			buildPhases = (
				7198FDE32375CFBA007F7A3C /* Sources */,
				7198FDE42375CFBA007F7A3C /* Frameworks */,
				7198FDE52375CFBA007F7A3C /* Resources */,
				7198FE3A2375CFBD007F7A3C /* Embed Watch Content */,
			);
			buildRules = (
			);
			dependencies = (
				7198FE142375CFBB007F7A3C /* PBXTargetDependency */,
			);
			name = FinalProd;
			productName = FinalProd;
			productReference = 7198FDE72375CFBA007F7A3C /* FinalProd.app */;
			productType = "com.apple.product-type.application";
		};
		7198FDFC2375CFBB007F7A3C /* FinalProdTests */ = {
			isa = PBXNativeTarget;
			buildConfigurationList = 7198FE3E2375CFBD007F7A3C /* Build configuration list for PBXNativeTarget "FinalProdTests" */;
			buildPhases = (
				7198FDF92375CFBB007F7A3C /* Sources */,
				7198FDFA2375CFBB007F7A3C /* Frameworks */,
				7198FDFB2375CFBB007F7A3C /* Resources */,
			);
			buildRules = (
			);
			dependencies = (
				7198FDFF2375CFBB007F7A3C /* PBXTargetDependency */,
			);
			name = FinalProdTests;
			productName = FinalProdTests;
			productReference = 7198FDFD2375CFBB007F7A3C /* FinalProdTests.xctest */;
			productType = "com.apple.product-type.bundle.unit-test";
		};
		7198FE072375CFBB007F7A3C /* FinalProdUITests */ = {
			isa = PBXNativeTarget;
			buildConfigurationList = 7198FE412375CFBD007F7A3C /* Build configuration list for PBXNativeTarget "FinalProdUITests" */;
			buildPhases = (
				7198FE042375CFBB007F7A3C /* Sources */,
				7198FE052375CFBB007F7A3C /* Frameworks */,
				7198FE062375CFBB007F7A3C /* Resources */,
			);
			buildRules = (
			);
			dependencies = (
				7198FE0A2375CFBB007F7A3C /* PBXTargetDependency */,
			);
			name = FinalProdUITests;
			productName = FinalProdUITests;
			productReference = 7198FE082375CFBB007F7A3C /* FinalProdUITests.xctest */;
			productType = "com.apple.product-type.bundle.ui-testing";
		};
		7198FE102375CFBB007F7A3C /* FinalProd WatchKit App */ = {
			isa = PBXNativeTarget;
			buildConfigurationList = 7198FE372375CFBD007F7A3C /* Build configuration list for PBXNativeTarget "FinalProd WatchKit App" */;
			buildPhases = (
				7198FE0F2375CFBB007F7A3C /* Resources */,
				7198FE362375CFBD007F7A3C /* Embed App Extensions */,
			);
			buildRules = (
			);
			dependencies = (
				7198FE232375CFBC007F7A3C /* PBXTargetDependency */,
			);
			name = "FinalProd WatchKit App";
			productName = "FinalProd WatchKit App";
			productReference = 7198FE112375CFBB007F7A3C /* FinalProd WatchKit App.app */;
			productType = "com.apple.product-type.application.watchapp2";
		};
		7198FE1F2375CFBC007F7A3C /* FinalProd WatchKit Extension */ = {
			isa = PBXNativeTarget;
			buildConfigurationList = 7198FE332375CFBD007F7A3C /* Build configuration list for PBXNativeTarget "FinalProd WatchKit Extension" */;
			buildPhases = (
				7198FE1C2375CFBC007F7A3C /* Sources */,
				7198FE1D2375CFBC007F7A3C /* Frameworks */,
				7198FE1E2375CFBC007F7A3C /* Resources */,
			);
			buildRules = (
			);
			dependencies = (
			);
			name = "FinalProd WatchKit Extension";
			productName = "FinalProd WatchKit Extension";
			productReference = 7198FE202375CFBC007F7A3C /* FinalProd WatchKit Extension.appex */;
			productType = "com.apple.product-type.watchkit2-extension";
		};
/* End PBXNativeTarget section */

/* Begin PBXProject section */
		7198FDDF2375CFBA007F7A3C /* Project object */ = {
			isa = PBXProject;
			attributes = {
				LastSwiftUpdateCheck = 1120;
				LastUpgradeCheck = 1120;
				ORGANIZATIONNAME = "Steven Winstanley";
				TargetAttributes = {
					7198FDE62375CFBA007F7A3C = {
						CreatedOnToolsVersion = 11.2;
					};
					7198FDFC2375CFBB007F7A3C = {
						CreatedOnToolsVersion = 11.2;
						TestTargetID = 7198FDE62375CFBA007F7A3C;
					};
					7198FE072375CFBB007F7A3C = {
						CreatedOnToolsVersion = 11.2;
						TestTargetID = 7198FDE62375CFBA007F7A3C;
					};
					7198FE102375CFBB007F7A3C = {
						CreatedOnToolsVersion = 11.2;
					};
					7198FE1F2375CFBC007F7A3C = {
						CreatedOnToolsVersion = 11.2;
					};
				};
			};
			buildConfigurationList = 7198FDE22375CFBA007F7A3C /* Build configuration list for PBXProject "FinalProd" */;
			compatibilityVersion = "Xcode 9.3";
			developmentRegion = en;
			hasScannedForEncodings = 0;
			knownRegions = (
				en,
				Base,
			);
			mainGroup = 7198FDDE2375CFBA007F7A3C;
			productRefGroup = 7198FDE82375CFBA007F7A3C /* Products */;
			projectDirPath = "";
			projectRoot = "";
			targets = (
				7198FDE62375CFBA007F7A3C /* FinalProd */,
				7198FDFC2375CFBB007F7A3C /* FinalProdTests */,
				7198FE072375CFBB007F7A3C /* FinalProdUITests */,
				7198FE102375CFBB007F7A3C /* FinalProd WatchKit App */,
				7198FE1F2375CFBC007F7A3C /* FinalProd WatchKit Extension */,
			);
		};
/* End PBXProject section */

/* Begin PBXResourcesBuildPhase section */
		7198FDE52375CFBA007F7A3C /* Resources */ = {
			isa = PBXResourcesBuildPhase;
			buildActionMask = 2147483647;
			files = (
				7117BB99239C88EC005BEC6B /* battle.png in Resources */,
				7117BB96239C88EC005BEC6B /* redcross.png in Resources */,
				1438E8DD239DAA5B00238BC6 /* pngStone.png in Resources */,
				7117BB98239C88EC005BEC6B /* tavern.png in Resources */,
				7117BB97239C88EC005BEC6B /* vendor.png in Resources */,
				14762C01239C6B1400A1254F /* 1Front.png in Resources */,
				753C7A8B239C8E2D00E782FF /* UpdatePartyButton.png in Resources */,
				14762BFD239C6B1400A1254F /* 4Front.png in Resources */,
				1438E8D7239D93D800238BC6 /* BattleView.storyboard in Resources */,
				75ABBB922375E379006585FA /* plank.png in Resources */,
				75165B54239DE63A0039B966 /* victory.png in Resources */,
				75ABBB962375E634006585FA /* bag.png in Resources */,
				14762BFC239C6B1400A1254F /* 2Front.png in Resources */,
				75165B5C239DE7100039B966 /* loser.png in Resources */,
				14762BF9239C6B1400A1254F /* 6Front.png in Resources */,
				14762BF8239C6B1400A1254F /* 5Back.png in Resources */,
				14762C02239C6B1400A1254F /* 2Back.png in Resources */,
				75165B5E239DE7600039B966 /* winner.png in Resources */,
				75ABBB942375E45C006585FA /* Chars.png in Resources */,
				14762C0F239C6B3800A1254F /* Samurai.png in Resources */,
				14762BF7239C6B1400A1254F /* 5Front.png in Resources */,
				75165B88239E08F60039B966 /* 1.png in Resources */,
				1443F072239C36C2008CB82A /* BattleScene.sks in Resources */,
				14762BFF239C6B1400A1254F /* 3Front.png in Resources */,
				753C7A85239C873D00E782FF /* Party.storyboard in Resources */,
				75165B8C239E09060039B966 /* 3.png in Resources */,
				75165B8E239E090A0039B966 /* 4.png in Resources */,
				14762C12239C6B3800A1254F /* BeakThing.png in Resources */,
				75165B49239D89320039B966 /* Loading.png in Resources */,
				14762C0E239C6B3800A1254F /* Ninja.png in Resources */,
				14762C14239C6B3800A1254F /* Vamp.png in Resources */,
				14762C10239C6B3800A1254F /* Skele.png in Resources */,
				753C7A89239C8DB500E782FF /* update.png in Resources */,
				7198FDF72375CFBB007F7A3C /* LaunchScreen.storyboard in Resources */,
				75165B56239DE6430039B966 /* defeat.png in Resources */,
				14762C15239C6B3800A1254F /* Ghost.png in Resources */,
				75165B5A239DE6EE0039B966 /* loss.png in Resources */,
				75165B4E239DE5340039B966 /* WinLoss.storyboard in Resources */,
				14762C03239C6B1400A1254F /* 7Back.png in Resources */,
				7198FE592375DF73007F7A3C /* uisquare.png in Resources */,
				14762C05239C6B1400A1254F /* 1Back.png in Resources */,
				14762BF6239C6B1400A1254F /* 8Front.png in Resources */,
				14762BFB239C6B1400A1254F /* 4Back.png in Resources */,
				753C7A6B239C356200E782FF /* InventoryScreen.storyboard in Resources */,
				75165B8A239E09000039B966 /* 2.png in Resources */,
				7198FDF42375CFBB007F7A3C /* Assets.xcassets in Resources */,
				1438E8DB239DA8FF00238BC6 /* dungeonfloor.jpg in Resources */,
				14762C13239C6B3800A1254F /* Furry.png in Resources */,
				14762BFE239C6B1400A1254F /* 3Back.png in Resources */,
				753C7A81239C86A600E782FF /* stoneBack.jpg in Resources */,
				75165B60239DE7E90039B966 /* tryAgain.png in Resources */,
				14762C11239C6B3800A1254F /* Clown.png in Resources */,
				75165B58239DE6C80039B966 /* win.png in Resources */,
				753C7A8D239C8EC300E782FF /* InfoButton.png in Resources */,
				75165B90239E09E60039B966 /* partyData.png in Resources */,
				753C7A83239C86AB00E782FF /* Old_Paper_PNG_Image.png in Resources */,
				14762BFA239C6B1400A1254F /* 7Front.png in Resources */,
				75165B64239DEB070039B966 /* backToHome.png in Resources */,
				14762C00239C6B1400A1254F /* 8Back.png in Resources */,
				14762C04239C6B1400A1254F /* 6Back.png in Resources */,
				4108EF94239D970D00C299FE /* backpack.png in Resources */,
				7198FDF22375CFBA007F7A3C /* Main.storyboard in Resources */,
				75165B62239DE97A0039B966 /* youWon.png in Resources */,
			);
			runOnlyForDeploymentPostprocessing = 0;
		};
		7198FDFB2375CFBB007F7A3C /* Resources */ = {
			isa = PBXResourcesBuildPhase;
			buildActionMask = 2147483647;
			files = (
			);
			runOnlyForDeploymentPostprocessing = 0;
		};
		7198FE062375CFBB007F7A3C /* Resources */ = {
			isa = PBXResourcesBuildPhase;
			buildActionMask = 2147483647;
			files = (
			);
			runOnlyForDeploymentPostprocessing = 0;
		};
		7198FE0F2375CFBB007F7A3C /* Resources */ = {
			isa = PBXResourcesBuildPhase;
			buildActionMask = 2147483647;
			files = (
				7198FE1A2375CFBC007F7A3C /* Assets.xcassets in Resources */,
				7198FE182375CFBB007F7A3C /* Interface.storyboard in Resources */,
			);
			runOnlyForDeploymentPostprocessing = 0;
		};
		7198FE1E2375CFBC007F7A3C /* Resources */ = {
			isa = PBXResourcesBuildPhase;
			buildActionMask = 2147483647;
			files = (
				7198FE2E2375CFBD007F7A3C /* Assets.xcassets in Resources */,
			);
			runOnlyForDeploymentPostprocessing = 0;
		};
/* End PBXResourcesBuildPhase section */

/* Begin PBXSourcesBuildPhase section */
		7198FDE32375CFBA007F7A3C /* Sources */ = {
			isa = PBXSourcesBuildPhase;
			buildActionMask = 2147483647;
			files = (
				14141E5E2375F725009897CF /* EnemyData.swift in Sources */,
				4144FCF7239D848B003339C1 /* Asi.swift in Sources */,
				412DD8872375E711008A1736 /* Consumables.swift in Sources */,
				7117BBAE239DEB37005BEC6B /* ProgramObject.swift in Sources */,
				14A8845D239C8E1400169433 /* HealAlly.swift in Sources */,
				14141E5C2375F4F7009897CF /* Enemy.swift in Sources */,
				4144FCEF239D7840003339C1 /* Durandal.swift in Sources */,
				1438E8D3239D883500238BC6 /* Weapon.swift in Sources */,
				4108EF92239D95F200C299FE /* InventoryViewController.swift in Sources */,
				4144FCE5239C9DD5003339C1 /* UserInfo.swift in Sources */,
				4144FCED239D75B2003339C1 /* Dou.swift in Sources */,
				75165B86239E06290039B966 /* EquipTableViewCell.swift in Sources */,
				753C7A87239C879400E782FF /* CharViewController.swift in Sources */,
				14A88453239C74AF00169433 /* Battlefield.swift in Sources */,
				75165B4B239D89B10039B966 /* Bolster.swift in Sources */,
				4144FD01239D850D003339C1 /* Zulfiqar.swift in Sources */,
				412DD8832375E5E6008A1736 /* Armor.swift in Sources */,
				7198FDEF2375CFBA007F7A3C /* ViewController.swift in Sources */,
				14A88457239C80E000169433 /* DataStore.swift in Sources */,
				7198FDEB2375CFBA007F7A3C /* AppDelegate.swift in Sources */,
				75165B84239E02F30039B966 /* ExpandViewController.swift in Sources */,
				4144FCFD239D84C7003339C1 /* Secace.swift in Sources */,
				4144FCF3239D82FC003339C1 /* Health.swift in Sources */,
				14A88459239C86EA00169433 /* AttackLowest.swift in Sources */,
				4108EF96239DB30200C299FE /* Sword.swift in Sources */,
				4144FCF1239D7861003339C1 /* Karuta.swift in Sources */,
				4144FD03239D851D003339C1 /* Caliburn.swift in Sources */,
				143C5601239C9B56005BE4D4 /* AttackSteal.swift in Sources */,
				1438E8D5239D8AF200238BC6 /* BattleScene.swift in Sources */,
				14A8845F239C91FA00169433 /* AttackAll.swift in Sources */,
				14141E652375FCB4009897CF /* Treasure.swift in Sources */,
				4108EF98239DC94B00C299FE /* InventoryCell.swift in Sources */,
				14141E632375FA2F009897CF /* Actor.swift in Sources */,
				14A88455239C772600169433 /* Hero.swift in Sources */,
				7198FE562375DCF5007F7A3C /* MapIcon.swift in Sources */,
				1443F06D239C35FC008CB82A /* BattleScreenViewController.swift in Sources */,
				4144FCFB239D84B6003339C1 /* Harpe.swift in Sources */,
				412DD87F2375E5A7008A1736 /* Item.swift in Sources */,
				75165B52239DE5870039B966 /* LossViewController.swift in Sources */,
				4144FCF9239D84A5003339C1 /* Chrysaor.swift in Sources */,
				4144FD05239D861E003339C1 /* Muramasa.swift in Sources */,
				7198FDED2375CFBA007F7A3C /* SceneDelegate.swift in Sources */,
				4144FCEB239CB91D003339C1 /* Excalibur.swift in Sources */,
				14141E602375F833009897CF /* Attack.swift in Sources */,
				4144FCFF239D8500003339C1 /* Usumidori.swift in Sources */,
				412DD87D2375DDF5008A1736 /* ShopViewController.swift in Sources */,
				75165B50239DE5790039B966 /* WinViewController.swift in Sources */,
				4144FCF5239D847C003339C1 /* Kusanagi.swift in Sources */,
				753C7A96239C93D100E782FF /* CharCell.swift in Sources */,
			);
			runOnlyForDeploymentPostprocessing = 0;
		};
		7198FDF92375CFBB007F7A3C /* Sources */ = {
			isa = PBXSourcesBuildPhase;
			buildActionMask = 2147483647;
			files = (
				7198FE022375CFBB007F7A3C /* FinalProdTests.swift in Sources */,
			);
			runOnlyForDeploymentPostprocessing = 0;
		};
		7198FE042375CFBB007F7A3C /* Sources */ = {
			isa = PBXSourcesBuildPhase;
			buildActionMask = 2147483647;
			files = (
				7198FE0D2375CFBB007F7A3C /* FinalProdUITests.swift in Sources */,
			);
			runOnlyForDeploymentPostprocessing = 0;
		};
		7198FE1C2375CFBC007F7A3C /* Sources */ = {
			isa = PBXSourcesBuildPhase;
			buildActionMask = 2147483647;
			files = (
				7117BBAF239DF3B6005BEC6B /* ProgramObject.swift in Sources */,
				7198FE2A2375CFBC007F7A3C /* NotificationController.swift in Sources */,
				7198FE2C2375CFBC007F7A3C /* ComplicationController.swift in Sources */,
				7198FE282375CFBC007F7A3C /* ExtensionDelegate.swift in Sources */,
				7198FE262375CFBC007F7A3C /* InterfaceController.swift in Sources */,
				7117BBAA239DE3F7005BEC6B /* PartyViewController.swift in Sources */,
			);
			runOnlyForDeploymentPostprocessing = 0;
		};
/* End PBXSourcesBuildPhase section */

/* Begin PBXTargetDependency section */
		7198FDFF2375CFBB007F7A3C /* PBXTargetDependency */ = {
			isa = PBXTargetDependency;
			target = 7198FDE62375CFBA007F7A3C /* FinalProd */;
			targetProxy = 7198FDFE2375CFBB007F7A3C /* PBXContainerItemProxy */;
		};
		7198FE0A2375CFBB007F7A3C /* PBXTargetDependency */ = {
			isa = PBXTargetDependency;
			target = 7198FDE62375CFBA007F7A3C /* FinalProd */;
			targetProxy = 7198FE092375CFBB007F7A3C /* PBXContainerItemProxy */;
		};
		7198FE142375CFBB007F7A3C /* PBXTargetDependency */ = {
			isa = PBXTargetDependency;
			target = 7198FE102375CFBB007F7A3C /* FinalProd WatchKit App */;
			targetProxy = 7198FE132375CFBB007F7A3C /* PBXContainerItemProxy */;
		};
		7198FE232375CFBC007F7A3C /* PBXTargetDependency */ = {
			isa = PBXTargetDependency;
			target = 7198FE1F2375CFBC007F7A3C /* FinalProd WatchKit Extension */;
			targetProxy = 7198FE222375CFBC007F7A3C /* PBXContainerItemProxy */;
		};
/* End PBXTargetDependency section */

/* Begin PBXVariantGroup section */
		7198FDF02375CFBA007F7A3C /* Main.storyboard */ = {
			isa = PBXVariantGroup;
			children = (
				7198FDF12375CFBA007F7A3C /* Base */,
			);
			name = Main.storyboard;
			sourceTree = "<group>";
		};
		7198FDF52375CFBB007F7A3C /* LaunchScreen.storyboard */ = {
			isa = PBXVariantGroup;
			children = (
				7198FDF62375CFBB007F7A3C /* Base */,
			);
			name = LaunchScreen.storyboard;
			sourceTree = "<group>";
		};
		7198FE162375CFBB007F7A3C /* Interface.storyboard */ = {
			isa = PBXVariantGroup;
			children = (
				7198FE172375CFBB007F7A3C /* Base */,
			);
			name = Interface.storyboard;
			sourceTree = "<group>";
		};
/* End PBXVariantGroup section */

/* Begin XCBuildConfiguration section */
		7198FE312375CFBD007F7A3C /* Debug */ = {
			isa = XCBuildConfiguration;
			buildSettings = {
				ALWAYS_SEARCH_USER_PATHS = NO;
				CLANG_ANALYZER_NONNULL = YES;
				CLANG_ANALYZER_NUMBER_OBJECT_CONVERSION = YES_AGGRESSIVE;
				CLANG_CXX_LANGUAGE_STANDARD = "gnu++14";
				CLANG_CXX_LIBRARY = "libc++";
				CLANG_ENABLE_MODULES = YES;
				CLANG_ENABLE_OBJC_ARC = YES;
				CLANG_ENABLE_OBJC_WEAK = YES;
				CLANG_WARN_BLOCK_CAPTURE_AUTORELEASING = YES;
				CLANG_WARN_BOOL_CONVERSION = YES;
				CLANG_WARN_COMMA = YES;
				CLANG_WARN_CONSTANT_CONVERSION = YES;
				CLANG_WARN_DEPRECATED_OBJC_IMPLEMENTATIONS = YES;
				CLANG_WARN_DIRECT_OBJC_ISA_USAGE = YES_ERROR;
				CLANG_WARN_DOCUMENTATION_COMMENTS = YES;
				CLANG_WARN_EMPTY_BODY = YES;
				CLANG_WARN_ENUM_CONVERSION = YES;
				CLANG_WARN_INFINITE_RECURSION = YES;
				CLANG_WARN_INT_CONVERSION = YES;
				CLANG_WARN_NON_LITERAL_NULL_CONVERSION = YES;
				CLANG_WARN_OBJC_IMPLICIT_RETAIN_SELF = YES;
				CLANG_WARN_OBJC_LITERAL_CONVERSION = YES;
				CLANG_WARN_OBJC_ROOT_CLASS = YES_ERROR;
				CLANG_WARN_RANGE_LOOP_ANALYSIS = YES;
				CLANG_WARN_STRICT_PROTOTYPES = YES;
				CLANG_WARN_SUSPICIOUS_MOVE = YES;
				CLANG_WARN_UNGUARDED_AVAILABILITY = YES_AGGRESSIVE;
				CLANG_WARN_UNREACHABLE_CODE = YES;
				CLANG_WARN__DUPLICATE_METHOD_MATCH = YES;
				COPY_PHASE_STRIP = NO;
				DEBUG_INFORMATION_FORMAT = dwarf;
				ENABLE_STRICT_OBJC_MSGSEND = YES;
				ENABLE_TESTABILITY = YES;
				GCC_C_LANGUAGE_STANDARD = gnu11;
				GCC_DYNAMIC_NO_PIC = NO;
				GCC_NO_COMMON_BLOCKS = YES;
				GCC_OPTIMIZATION_LEVEL = 0;
				GCC_PREPROCESSOR_DEFINITIONS = (
					"DEBUG=1",
					"$(inherited)",
				);
				GCC_WARN_64_TO_32_BIT_CONVERSION = YES;
				GCC_WARN_ABOUT_RETURN_TYPE = YES_ERROR;
				GCC_WARN_UNDECLARED_SELECTOR = YES;
				GCC_WARN_UNINITIALIZED_AUTOS = YES_AGGRESSIVE;
				GCC_WARN_UNUSED_FUNCTION = YES;
				GCC_WARN_UNUSED_VARIABLE = YES;
				IPHONEOS_DEPLOYMENT_TARGET = 13.2;
				MTL_ENABLE_DEBUG_INFO = INCLUDE_SOURCE;
				MTL_FAST_MATH = YES;
				ONLY_ACTIVE_ARCH = YES;
				SDKROOT = iphoneos;
				SWIFT_ACTIVE_COMPILATION_CONDITIONS = DEBUG;
				SWIFT_OPTIMIZATION_LEVEL = "-Onone";
			};
			name = Debug;
		};
		7198FE322375CFBD007F7A3C /* Release */ = {
			isa = XCBuildConfiguration;
			buildSettings = {
				ALWAYS_SEARCH_USER_PATHS = NO;
				CLANG_ANALYZER_NONNULL = YES;
				CLANG_ANALYZER_NUMBER_OBJECT_CONVERSION = YES_AGGRESSIVE;
				CLANG_CXX_LANGUAGE_STANDARD = "gnu++14";
				CLANG_CXX_LIBRARY = "libc++";
				CLANG_ENABLE_MODULES = YES;
				CLANG_ENABLE_OBJC_ARC = YES;
				CLANG_ENABLE_OBJC_WEAK = YES;
				CLANG_WARN_BLOCK_CAPTURE_AUTORELEASING = YES;
				CLANG_WARN_BOOL_CONVERSION = YES;
				CLANG_WARN_COMMA = YES;
				CLANG_WARN_CONSTANT_CONVERSION = YES;
				CLANG_WARN_DEPRECATED_OBJC_IMPLEMENTATIONS = YES;
				CLANG_WARN_DIRECT_OBJC_ISA_USAGE = YES_ERROR;
				CLANG_WARN_DOCUMENTATION_COMMENTS = YES;
				CLANG_WARN_EMPTY_BODY = YES;
				CLANG_WARN_ENUM_CONVERSION = YES;
				CLANG_WARN_INFINITE_RECURSION = YES;
				CLANG_WARN_INT_CONVERSION = YES;
				CLANG_WARN_NON_LITERAL_NULL_CONVERSION = YES;
				CLANG_WARN_OBJC_IMPLICIT_RETAIN_SELF = YES;
				CLANG_WARN_OBJC_LITERAL_CONVERSION = YES;
				CLANG_WARN_OBJC_ROOT_CLASS = YES_ERROR;
				CLANG_WARN_RANGE_LOOP_ANALYSIS = YES;
				CLANG_WARN_STRICT_PROTOTYPES = YES;
				CLANG_WARN_SUSPICIOUS_MOVE = YES;
				CLANG_WARN_UNGUARDED_AVAILABILITY = YES_AGGRESSIVE;
				CLANG_WARN_UNREACHABLE_CODE = YES;
				CLANG_WARN__DUPLICATE_METHOD_MATCH = YES;
				COPY_PHASE_STRIP = NO;
				DEBUG_INFORMATION_FORMAT = "dwarf-with-dsym";
				ENABLE_NS_ASSERTIONS = NO;
				ENABLE_STRICT_OBJC_MSGSEND = YES;
				GCC_C_LANGUAGE_STANDARD = gnu11;
				GCC_NO_COMMON_BLOCKS = YES;
				GCC_WARN_64_TO_32_BIT_CONVERSION = YES;
				GCC_WARN_ABOUT_RETURN_TYPE = YES_ERROR;
				GCC_WARN_UNDECLARED_SELECTOR = YES;
				GCC_WARN_UNINITIALIZED_AUTOS = YES_AGGRESSIVE;
				GCC_WARN_UNUSED_FUNCTION = YES;
				GCC_WARN_UNUSED_VARIABLE = YES;
				IPHONEOS_DEPLOYMENT_TARGET = 13.2;
				MTL_ENABLE_DEBUG_INFO = NO;
				MTL_FAST_MATH = YES;
				SDKROOT = iphoneos;
				SWIFT_COMPILATION_MODE = wholemodule;
				SWIFT_OPTIMIZATION_LEVEL = "-O";
				VALIDATE_PRODUCT = YES;
			};
			name = Release;
		};
		7198FE342375CFBD007F7A3C /* Debug */ = {
			isa = XCBuildConfiguration;
			buildSettings = {
				ASSETCATALOG_COMPILER_COMPLICATION_NAME = Complication;
				CODE_SIGN_STYLE = Automatic;
				INFOPLIST_FILE = "FinalProd WatchKit Extension/Info.plist";
				LD_RUNPATH_SEARCH_PATHS = (
					"$(inherited)",
					"@executable_path/Frameworks",
					"@executable_path/../../Frameworks",
				);
				PRODUCT_BUNDLE_IDENTIFIER = com.prog31975.FinalProd.watchkitapp.watchkitextension;
				PRODUCT_NAME = "${TARGET_NAME}";
				SDKROOT = watchos;
				SKIP_INSTALL = YES;
				SWIFT_ENABLE_BATCH_MODE = NO;
				SWIFT_VERSION = 5.0;
				TARGETED_DEVICE_FAMILY = 4;
				WATCHOS_DEPLOYMENT_TARGET = 6.1;
			};
			name = Debug;
		};
		7198FE352375CFBD007F7A3C /* Release */ = {
			isa = XCBuildConfiguration;
			buildSettings = {
				ASSETCATALOG_COMPILER_COMPLICATION_NAME = Complication;
				CODE_SIGN_STYLE = Automatic;
				INFOPLIST_FILE = "FinalProd WatchKit Extension/Info.plist";
				LD_RUNPATH_SEARCH_PATHS = (
					"$(inherited)",
					"@executable_path/Frameworks",
					"@executable_path/../../Frameworks",
				);
				PRODUCT_BUNDLE_IDENTIFIER = com.prog31975.FinalProd.watchkitapp.watchkitextension;
				PRODUCT_NAME = "${TARGET_NAME}";
				SDKROOT = watchos;
				SKIP_INSTALL = YES;
				SWIFT_ENABLE_BATCH_MODE = NO;
				SWIFT_VERSION = 5.0;
				TARGETED_DEVICE_FAMILY = 4;
				WATCHOS_DEPLOYMENT_TARGET = 6.1;
			};
			name = Release;
		};
		7198FE382375CFBD007F7A3C /* Debug */ = {
			isa = XCBuildConfiguration;
			buildSettings = {
				ALWAYS_EMBED_SWIFT_STANDARD_LIBRARIES = YES;
				ASSETCATALOG_COMPILER_APPICON_NAME = AppIcon;
				CODE_SIGN_STYLE = Automatic;
				IBSC_MODULE = FinalProd_WatchKit_Extension;
				INFOPLIST_FILE = "FinalProd WatchKit App/Info.plist";
				PRODUCT_BUNDLE_IDENTIFIER = com.prog31975.FinalProd.watchkitapp;
				PRODUCT_NAME = "$(TARGET_NAME)";
				SDKROOT = watchos;
				SKIP_INSTALL = YES;
				SWIFT_VERSION = 5.0;
				TARGETED_DEVICE_FAMILY = 4;
				WATCHOS_DEPLOYMENT_TARGET = 6.1;
			};
			name = Debug;
		};
		7198FE392375CFBD007F7A3C /* Release */ = {
			isa = XCBuildConfiguration;
			buildSettings = {
				ALWAYS_EMBED_SWIFT_STANDARD_LIBRARIES = YES;
				ASSETCATALOG_COMPILER_APPICON_NAME = AppIcon;
				CODE_SIGN_STYLE = Automatic;
				IBSC_MODULE = FinalProd_WatchKit_Extension;
				INFOPLIST_FILE = "FinalProd WatchKit App/Info.plist";
				PRODUCT_BUNDLE_IDENTIFIER = com.prog31975.FinalProd.watchkitapp;
				PRODUCT_NAME = "$(TARGET_NAME)";
				SDKROOT = watchos;
				SKIP_INSTALL = YES;
				SWIFT_VERSION = 5.0;
				TARGETED_DEVICE_FAMILY = 4;
				WATCHOS_DEPLOYMENT_TARGET = 6.1;
			};
			name = Release;
		};
		7198FE3C2375CFBD007F7A3C /* Debug */ = {
			isa = XCBuildConfiguration;
			buildSettings = {
				ASSETCATALOG_COMPILER_APPICON_NAME = AppIcon;
				CODE_SIGN_STYLE = Automatic;
				INFOPLIST_FILE = FinalProd/Info.plist;
				LD_RUNPATH_SEARCH_PATHS = (
					"$(inherited)",
					"@executable_path/Frameworks",
				);
				PRODUCT_BUNDLE_IDENTIFIER = com.prog31975.FinalProd;
				PRODUCT_NAME = "$(TARGET_NAME)";
				SWIFT_VERSION = 5.0;
				TARGETED_DEVICE_FAMILY = "1,2";
			};
			name = Debug;
		};
		7198FE3D2375CFBD007F7A3C /* Release */ = {
			isa = XCBuildConfiguration;
			buildSettings = {
				ASSETCATALOG_COMPILER_APPICON_NAME = AppIcon;
				CODE_SIGN_STYLE = Automatic;
				INFOPLIST_FILE = FinalProd/Info.plist;
				LD_RUNPATH_SEARCH_PATHS = (
					"$(inherited)",
					"@executable_path/Frameworks",
				);
				PRODUCT_BUNDLE_IDENTIFIER = com.prog31975.FinalProd;
				PRODUCT_NAME = "$(TARGET_NAME)";
				SWIFT_VERSION = 5.0;
				TARGETED_DEVICE_FAMILY = "1,2";
			};
			name = Release;
		};
		7198FE3F2375CFBD007F7A3C /* Debug */ = {
			isa = XCBuildConfiguration;
			buildSettings = {
				ALWAYS_EMBED_SWIFT_STANDARD_LIBRARIES = YES;
				BUNDLE_LOADER = "$(TEST_HOST)";
				CODE_SIGN_STYLE = Automatic;
				INFOPLIST_FILE = FinalProdTests/Info.plist;
				IPHONEOS_DEPLOYMENT_TARGET = 13.2;
				LD_RUNPATH_SEARCH_PATHS = (
					"$(inherited)",
					"@executable_path/Frameworks",
					"@loader_path/Frameworks",
				);
				PRODUCT_BUNDLE_IDENTIFIER = com.prog31975.FinalProdTests;
				PRODUCT_NAME = "$(TARGET_NAME)";
				SWIFT_VERSION = 5.0;
				TARGETED_DEVICE_FAMILY = "1,2";
				TEST_HOST = "$(BUILT_PRODUCTS_DIR)/FinalProd.app/FinalProd";
			};
			name = Debug;
		};
		7198FE402375CFBD007F7A3C /* Release */ = {
			isa = XCBuildConfiguration;
			buildSettings = {
				ALWAYS_EMBED_SWIFT_STANDARD_LIBRARIES = YES;
				BUNDLE_LOADER = "$(TEST_HOST)";
				CODE_SIGN_STYLE = Automatic;
				INFOPLIST_FILE = FinalProdTests/Info.plist;
				IPHONEOS_DEPLOYMENT_TARGET = 13.2;
				LD_RUNPATH_SEARCH_PATHS = (
					"$(inherited)",
					"@executable_path/Frameworks",
					"@loader_path/Frameworks",
				);
				PRODUCT_BUNDLE_IDENTIFIER = com.prog31975.FinalProdTests;
				PRODUCT_NAME = "$(TARGET_NAME)";
				SWIFT_VERSION = 5.0;
				TARGETED_DEVICE_FAMILY = "1,2";
				TEST_HOST = "$(BUILT_PRODUCTS_DIR)/FinalProd.app/FinalProd";
			};
			name = Release;
		};
		7198FE422375CFBD007F7A3C /* Debug */ = {
			isa = XCBuildConfiguration;
			buildSettings = {
				ALWAYS_EMBED_SWIFT_STANDARD_LIBRARIES = YES;
				CODE_SIGN_STYLE = Automatic;
				INFOPLIST_FILE = FinalProdUITests/Info.plist;
				LD_RUNPATH_SEARCH_PATHS = (
					"$(inherited)",
					"@executable_path/Frameworks",
					"@loader_path/Frameworks",
				);
				PRODUCT_BUNDLE_IDENTIFIER = com.prog31975.FinalProdUITests;
				PRODUCT_NAME = "$(TARGET_NAME)";
				SWIFT_VERSION = 5.0;
				TARGETED_DEVICE_FAMILY = "1,2";
				TEST_TARGET_NAME = FinalProd;
			};
			name = Debug;
		};
		7198FE432375CFBD007F7A3C /* Release */ = {
			isa = XCBuildConfiguration;
			buildSettings = {
				ALWAYS_EMBED_SWIFT_STANDARD_LIBRARIES = YES;
				CODE_SIGN_STYLE = Automatic;
				INFOPLIST_FILE = FinalProdUITests/Info.plist;
				LD_RUNPATH_SEARCH_PATHS = (
					"$(inherited)",
					"@executable_path/Frameworks",
					"@loader_path/Frameworks",
				);
				PRODUCT_BUNDLE_IDENTIFIER = com.prog31975.FinalProdUITests;
				PRODUCT_NAME = "$(TARGET_NAME)";
				SWIFT_VERSION = 5.0;
				TARGETED_DEVICE_FAMILY = "1,2";
				TEST_TARGET_NAME = FinalProd;
			};
			name = Release;
		};
/* End XCBuildConfiguration section */

/* Begin XCConfigurationList section */
		7198FDE22375CFBA007F7A3C /* Build configuration list for PBXProject "FinalProd" */ = {
			isa = XCConfigurationList;
			buildConfigurations = (
				7198FE312375CFBD007F7A3C /* Debug */,
				7198FE322375CFBD007F7A3C /* Release */,
			);
			defaultConfigurationIsVisible = 0;
			defaultConfigurationName = Release;
		};
		7198FE332375CFBD007F7A3C /* Build configuration list for PBXNativeTarget "FinalProd WatchKit Extension" */ = {
			isa = XCConfigurationList;
			buildConfigurations = (
				7198FE342375CFBD007F7A3C /* Debug */,
				7198FE352375CFBD007F7A3C /* Release */,
			);
			defaultConfigurationIsVisible = 0;
			defaultConfigurationName = Release;
		};
		7198FE372375CFBD007F7A3C /* Build configuration list for PBXNativeTarget "FinalProd WatchKit App" */ = {
			isa = XCConfigurationList;
			buildConfigurations = (
				7198FE382375CFBD007F7A3C /* Debug */,
				7198FE392375CFBD007F7A3C /* Release */,
			);
			defaultConfigurationIsVisible = 0;
			defaultConfigurationName = Release;
		};
		7198FE3B2375CFBD007F7A3C /* Build configuration list for PBXNativeTarget "FinalProd" */ = {
			isa = XCConfigurationList;
			buildConfigurations = (
				7198FE3C2375CFBD007F7A3C /* Debug */,
				7198FE3D2375CFBD007F7A3C /* Release */,
			);
			defaultConfigurationIsVisible = 0;
			defaultConfigurationName = Release;
		};
		7198FE3E2375CFBD007F7A3C /* Build configuration list for PBXNativeTarget "FinalProdTests" */ = {
			isa = XCConfigurationList;
			buildConfigurations = (
				7198FE3F2375CFBD007F7A3C /* Debug */,
				7198FE402375CFBD007F7A3C /* Release */,
			);
			defaultConfigurationIsVisible = 0;
			defaultConfigurationName = Release;
		};
		7198FE412375CFBD007F7A3C /* Build configuration list for PBXNativeTarget "FinalProdUITests" */ = {
			isa = XCConfigurationList;
			buildConfigurations = (
				7198FE422375CFBD007F7A3C /* Debug */,
				7198FE432375CFBD007F7A3C /* Release */,
			);
			defaultConfigurationIsVisible = 0;
			defaultConfigurationName = Release;
		};
/* End XCConfigurationList section */
	};
	rootObject = 7198FDDF2375CFBA007F7A3C /* Project object */;
}
